// !$*UTF8*$!
{
	archiveVersion = 1;
	classes = {
	};
	objectVersion = 70;
	objects = {

/* Begin PBXBuildFile section */
		E54BF87D2D1DA246001AB8AB /* BorderShape.swift in Sources */ = {isa = PBXBuildFile; fileRef = E54BF87C2D1DA246001AB8AB /* BorderShape.swift */; };
		E54F5FD12D2EC3D700564A30 /* MountainCoordinates.swift in Sources */ = {isa = PBXBuildFile; fileRef = E54F5FCC2D2EC3D700564A30 /* MountainCoordinates.swift */; };
		E54F5FD22D2EC3D700564A30 /* MountainData.swift in Sources */ = {isa = PBXBuildFile; fileRef = E54F5FCD2D2EC3D700564A30 /* MountainData.swift */; };
		E54F5FD32D2EC3D700564A30 /* MountainInfo.swift in Sources */ = {isa = PBXBuildFile; fileRef = E54F5FCE2D2EC3D700564A30 /* MountainInfo.swift */; };
		E54F5FD42D2EC3D700564A30 /* MountainList.swift in Sources */ = {isa = PBXBuildFile; fileRef = E54F5FCF2D2EC3D700564A30 /* MountainList.swift */; };
		E56AC7872D43D1D600300854 /* AppIntent.swift in Sources */ = {isa = PBXBuildFile; fileRef = E56AC7862D43D1D600300854 /* AppIntent.swift */; };
		E56AC7AF2D43E0BF00300854 /* Geo Watch App.app in Embed Watch Content */ = {isa = PBXBuildFile; fileRef = E56AC78C2D43E0BE00300854 /* Geo Watch App.app */; settings = {ATTRIBUTES = (RemoveHeadersOnCopy, ); }; };
		E56AC7BB2D43E86900300854 /* InformationToken.swift in Sources */ = {isa = PBXBuildFile; fileRef = E592D5842D4299550038B14D /* InformationToken.swift */; };
		A71A05E700000000000000B1 /* Atmosphere.swift in Sources */ = {isa = PBXBuildFile; fileRef = A71A05E700000000000000F1 /* Atmosphere.swift */; };
		E5708ACF2DBB9CF000CB66BB /* ClockKit.framework in Frameworks */ = {isa = PBXBuildFile; fileRef = E5708ACE2DBB9CF000CB66BB /* ClockKit.framework */; };
		E5708AD12DBB9D0A00CB66BB /* CoreFoundation.framework in Frameworks */ = {isa = PBXBuildFile; fileRef = E5708AD02DBB9D0A00CB66BB /* CoreFoundation.framework */; };
		E5708AD32DBB9D0F00CB66BB /* CoreMotion.framework in Frameworks */ = {isa = PBXBuildFile; fileRef = E5708AD22DBB9D0F00CB66BB /* CoreMotion.framework */; };
		E5708AD52DBB9D2900CB66BB /* SwiftUI.framework in Frameworks */ = {isa = PBXBuildFile; fileRef = E5708AD42DBB9D2900CB66BB /* SwiftUI.framework */; };
		E57221F72C21C77E008D466B /* GeoInfoView.swift in Sources */ = {isa = PBXBuildFile; fileRef = E57221F62C21C77E008D466B /* GeoInfoView.swift */; };
		E57221F92C21C7B7008D466B /* GeoStatView.swift in Sources */ = {isa = PBXBuildFile; fileRef = E57221F82C21C7B7008D466B /* GeoStatView.swift */; };
		E57221FB2C21C7E9008D466B /* GeoMapView.swift in Sources */ = {isa = PBXBuildFile; fileRef = E57221FA2C21C7E9008D466B /* GeoMapView.swift */; };
		E57221FD2C21C82C008D466B /* GeoNatureView.swift in Sources */ = {isa = PBXBuildFile; fileRef = E57221FC2C21C82C008D466B /* GeoNatureView.swift */; };
		E57222002C21DBCB008D466B /* BarometerInformationView.swift in Sources */ = {isa = PBXBuildFile; fileRef = E57221FF2C21DBCB008D466B /* BarometerInformationView.swift */; };
		E57222022C21F20F008D466B /* SatelliteInformationView.swift in Sources */ = {isa = PBXBuildFile; fileRef = E57222012C21F20F008D466B /* SatelliteInformationView.swift */; };
		E57477DA2F74485400E1F3CE /* AROcclusionManager.swift in Sources */ = {isa = PBXBuildFile; fileRef = E57477D92F74485400E1F3CE /* AROcclusionManager.swift */; };
		E57477DB2F74485400E1F3CE /* AROcclusionManager.swift in Sources */ = {isa = PBXBuildFile; fileRef = E57477D92F74485400E1F3CE /* AROcclusionManager.swift */; };
		E57477DC2F74485400E1F3CE /* AROcclusionManager.swift in Sources */ = {isa = PBXBuildFile; fileRef = E57477D92F74485400E1F3CE /* AROcclusionManager.swift */; };
		E57478A62F744C3300E1F3CE /* ARSessionManager.swift in Sources */ = {isa = PBXBuildFile; fileRef = E57478A52F744C3300E1F3CE /* ARSessionManager.swift */; };
		E57478A72F744C3300E1F3CE /* ARSessionManager.swift in Sources */ = {isa = PBXBuildFile; fileRef = E57478A52F744C3300E1F3CE /* ARSessionManager.swift */; };
		E57478A82F744C3300E1F3CE /* ARSessionManager.swift in Sources */ = {isa = PBXBuildFile; fileRef = E57478A52F744C3300E1F3CE /* ARSessionManager.swift */; };
		E584D8E82B3EEFB10004973A /* Barometer.swift in Sources */ = {isa = PBXBuildFile; fileRef = E584D8E72B3EEFB10004973A /* Barometer.swift */; };
		E584D8ED2B3EF0C20004973A /* CoreMotion.framework in Frameworks */ = {isa = PBXBuildFile; fileRef = E584D8EC2B3EF0C20004973A /* CoreMotion.framework */; };
		E584D8F12B3EFA5A0004973A /* GeoAppDelegate.swift in Sources */ = {isa = PBXBuildFile; fileRef = E584D8F02B3EFA5A0004973A /* GeoAppDelegate.swift */; };
		E58E03B32C232C00002909A4 /* CoreLocation.framework in Frameworks */ = {isa = PBXBuildFile; fileRef = E58E03B22C232C00002909A4 /* CoreLocation.framework */; };
		E58E03B52C232E30002909A4 /* Location.swift in Sources */ = {isa = PBXBuildFile; fileRef = E58E03B42C232E30002909A4 /* Location.swift */; };
		E590928F2CD5398C00499EFF /* DataSetShape.swift in Sources */ = {isa = PBXBuildFile; fileRef = E590928E2CD5396700499EFF /* DataSetShape.swift */; };
		E59092912CD53A0500499EFF /* DataItem.swift in Sources */ = {isa = PBXBuildFile; fileRef = E59092902CD53A0100499EFF /* DataItem.swift */; };
		E592D55B2D428DF80038B14D /* WidgetKit.framework in Frameworks */ = {isa = PBXBuildFile; fileRef = E592D55A2D428DF80038B14D /* WidgetKit.framework */; };
		E592D55C2D428DF80038B14D /* SwiftUI.framework in Frameworks */ = {isa = PBXBuildFile; fileRef = E59C45272D2EC546007790E8 /* SwiftUI.framework */; };
		E592D56D2D428DF90038B14D /* WidgetExtension.appex in Embed Foundation Extensions */ = {isa = PBXBuildFile; fileRef = E592D5592D428DF80038B14D /* WidgetExtension.appex */; settings = {ATTRIBUTES = (RemoveHeadersOnCopy, ); }; };
		E592D57B2D42970B0038B14D /* Assets.xcassets in Resources */ = {isa = PBXBuildFile; fileRef = E592D5742D42970B0038B14D /* Assets.xcassets */; };
		E592D57E2D42970B0038B14D /* Widget.swift in Sources */ = {isa = PBXBuildFile; fileRef = E592D5762D42970B0038B14D /* Widget.swift */; };
		E592D57F2D42970B0038B14D /* WidgetBundle.swift in Sources */ = {isa = PBXBuildFile; fileRef = E592D5772D42970B0038B14D /* WidgetBundle.swift */; };
		E592D5852D42995F0038B14D /* InformationToken.swift in Sources */ = {isa = PBXBuildFile; fileRef = E592D5842D4299550038B14D /* InformationToken.swift */; };
		A71A05E700000000000000B2 /* Atmosphere.swift in Sources */ = {isa = PBXBuildFile; fileRef = A71A05E700000000000000F1 /* Atmosphere.swift */; };
		E592D5862D4299650038B14D /* InformationToken.swift in Sources */ = {isa = PBXBuildFile; fileRef = E592D5842D4299550038B14D /* InformationToken.swift */; };
		A71A05E700000000000000B3 /* Atmosphere.swift in Sources */ = {isa = PBXBuildFile; fileRef = A71A05E700000000000000F1 /* Atmosphere.swift */; };
		F2F2F3002D4299650038B14D /* AppLog.swift in Sources */ = {isa = PBXBuildFile; fileRef = F2F2F2F12D4299550038B14D /* AppLog.swift */; };
		F2F2F3012D4299650038B14D /* AppLog.swift in Sources */ = {isa = PBXBuildFile; fileRef = F2F2F2F12D4299550038B14D /* AppLog.swift */; };
		F2F2F3022D4299650038B14D /* AppLog.swift in Sources */ = {isa = PBXBuildFile; fileRef = F2F2F2F12D4299550038B14D /* AppLog.swift */; };
		F2F2F3032D4299650038B14D /* AppLog.swift in Sources */ = {isa = PBXBuildFile; fileRef = F2F2F2F12D4299550038B14D /* AppLog.swift */; };
		F2F2F3042D4299650038B14D /* AppLog.swift in Sources */ = {isa = PBXBuildFile; fileRef = F2F2F2F12D4299550038B14D /* AppLog.swift */; };
		F2F2F3052D4299650038B14D /* AppLog.swift in Sources */ = {isa = PBXBuildFile; fileRef = F2F2F2F12D4299550038B14D /* AppLog.swift */; };
		F2F2F3102D4299650038B14D /* SharedSnapshotStore.swift in Sources */ = {isa = PBXBuildFile; fileRef = F2F2F2F82D4299550038B14D /* SharedSnapshotStore.swift */; };
		F2F2F3112D4299650038B14D /* SharedSnapshotStore.swift in Sources */ = {isa = PBXBuildFile; fileRef = F2F2F2F82D4299550038B14D /* SharedSnapshotStore.swift */; };
		F2F2F3122D4299650038B14D /* SharedSnapshotStore.swift in Sources */ = {isa = PBXBuildFile; fileRef = F2F2F2F82D4299550038B14D /* SharedSnapshotStore.swift */; };
		F2F2F3132D4299650038B14D /* SharedSnapshotStore.swift in Sources */ = {isa = PBXBuildFile; fileRef = F2F2F2F82D4299550038B14D /* SharedSnapshotStore.swift */; };
		F2F2F3202D4299650038B14D /* PhoneConnectivityManager.swift in Sources */ = {isa = PBXBuildFile; fileRef = F2F2F2F92D4299550038B14D /* PhoneConnectivityManager.swift */; };
		F3F3F3F22D4299650038B14D /* Geometry.swift in Sources */ = {isa = PBXBuildFile; fileRef = F3F3F3F12D4299550038B14D /* Geometry.swift */; };
		F3F3F3F62D4299650038B14D /* GeometryTests.swift in Sources */ = {isa = PBXBuildFile; fileRef = F3F3F3F52D4299550038B14D /* GeometryTests.swift */; };
		F3F3F3F82D4299650038B14D /* InformationTokenTests.swift in Sources */ = {isa = PBXBuildFile; fileRef = F3F3F3F72D4299550038B14D /* InformationTokenTests.swift */; };
		F3F3F3FA2D4299650038B14D /* NearbyPeakTests.swift in Sources */ = {isa = PBXBuildFile; fileRef = F3F3F3F92D4299550038B14D /* NearbyPeakTests.swift */; };
		F4F4F4042D4299650038B14D /* TerrainElevationService.swift in Sources */ = {isa = PBXBuildFile; fileRef = F4F4F4012D4299550038B14D /* TerrainElevationService.swift */; };
		F4F4F4052D4299650038B14D /* SkylineCalculator.swift in Sources */ = {isa = PBXBuildFile; fileRef = F4F4F4022D4299550038B14D /* SkylineCalculator.swift */; };
		F4F4F4082D4299650038B14D /* SkylineGeometryTests.swift in Sources */ = {isa = PBXBuildFile; fileRef = F4F4F4032D4299550038B14D /* SkylineGeometryTests.swift */; };
		F5F5F5012D4299650038B14D /* InformationToken.swift in Sources */ = {isa = PBXBuildFile; fileRef = E592D5842D4299550038B14D /* InformationToken.swift */; };
		A71A05E700000000000000B4 /* Atmosphere.swift in Sources */ = {isa = PBXBuildFile; fileRef = A71A05E700000000000000F1 /* Atmosphere.swift */; };
		F6F6F6032D4299650038B14D /* PrivacyInfo.xcprivacy in Resources */ = {isa = PBXBuildFile; fileRef = F6F6F6012D4299550038B14D /* PrivacyInfo.xcprivacy */; };
		F6F6F6042D4299650038B14D /* PrivacyInfo.xcprivacy in Resources */ = {isa = PBXBuildFile; fileRef = F6F6F6022D4299550038B14D /* PrivacyInfo.xcprivacy */; };
		F7F7F7032D4299650038B14D /* PermissionsMonitor.swift in Sources */ = {isa = PBXBuildFile; fileRef = F7F7F7012D4299550038B14D /* PermissionsMonitor.swift */; };
		F7F7F7042D4299650038B14D /* PermissionsBanner.swift in Sources */ = {isa = PBXBuildFile; fileRef = F7F7F7022D4299550038B14D /* PermissionsBanner.swift */; };
		F8F8F8032D4299650038B14D /* Localizable.strings in Resources */ = {isa = PBXBuildFile; fileRef = F8F8F8022D4299550038B14D /* Localizable.strings */; };
		E59C45282D2EC546007790E8 /* SwiftUI.framework in Frameworks */ = {isa = PBXBuildFile; fileRef = E59C45272D2EC546007790E8 /* SwiftUI.framework */; };
		E5A22D662DBFEA39008DB127 /* WidgetKit.framework in Frameworks */ = {isa = PBXBuildFile; fileRef = E592D55A2D428DF80038B14D /* WidgetKit.framework */; };
		E5A22D672DBFEA39008DB127 /* SwiftUI.framework in Frameworks */ = {isa = PBXBuildFile; fileRef = E5708AD42DBB9D2900CB66BB /* SwiftUI.framework */; };
		E5A22D722DBFEA39008DB127 /* Geo Watch WidgetExtension.appex in Embed Foundation Extensions */ = {isa = PBXBuildFile; fileRef = E5A22D652DBFEA39008DB127 /* Geo Watch WidgetExtension.appex */; settings = {ATTRIBUTES = (RemoveHeadersOnCopy, ); }; };
		E5A8C4AD2F7345E100D77979 /* PeakMarkerView.swift in Sources */ = {isa = PBXBuildFile; fileRef = E5A8C4AA2F7345E100D77979 /* PeakMarkerView.swift */; };
		E5A8C4AE2F7345E100D77979 /* ARCameraView.swift in Sources */ = {isa = PBXBuildFile; fileRef = E5A8C4A62F7345E100D77979 /* ARCameraView.swift */; };
		E5A8C4AF2F7345E100D77979 /* NearbyPeak.swift in Sources */ = {isa = PBXBuildFile; fileRef = E5A8C4A82F7345E100D77979 /* NearbyPeak.swift */; };
		E5A8C4B02F7345E100D77979 /* PeakFinder.swift in Sources */ = {isa = PBXBuildFile; fileRef = E5A8C4A92F7345E100D77979 /* PeakFinder.swift */; };
		E5A8C4B12F7345E100D77979 /* PeakOverlayView.swift in Sources */ = {isa = PBXBuildFile; fileRef = E5A8C4AB2F7345E100D77979 /* PeakOverlayView.swift */; };
		E5A8C4B22F7345E100D77979 /* DeviceMotionManager.swift in Sources */ = {isa = PBXBuildFile; fileRef = E5A8C4A72F7345E100D77979 /* DeviceMotionManager.swift */; };
		E5A8C4B32F7345E100D77979 /* PeakMarkerView.swift in Sources */ = {isa = PBXBuildFile; fileRef = E5A8C4AA2F7345E100D77979 /* PeakMarkerView.swift */; };
		E5A8C4B42F7345E100D77979 /* ARCameraView.swift in Sources */ = {isa = PBXBuildFile; fileRef = E5A8C4A62F7345E100D77979 /* ARCameraView.swift */; };
		E5A8C4B52F7345E100D77979 /* NearbyPeak.swift in Sources */ = {isa = PBXBuildFile; fileRef = E5A8C4A82F7345E100D77979 /* NearbyPeak.swift */; };
		E5A8C4B62F7345E100D77979 /* PeakFinder.swift in Sources */ = {isa = PBXBuildFile; fileRef = E5A8C4A92F7345E100D77979 /* PeakFinder.swift */; };
		E5A8C4B72F7345E100D77979 /* PeakOverlayView.swift in Sources */ = {isa = PBXBuildFile; fileRef = E5A8C4AB2F7345E100D77979 /* PeakOverlayView.swift */; };
		E5A8C4B82F7345E100D77979 /* DeviceMotionManager.swift in Sources */ = {isa = PBXBuildFile; fileRef = E5A8C4A72F7345E100D77979 /* DeviceMotionManager.swift */; };
		E5A8C4B92F7345E100D77979 /* PeakMarkerView.swift in Sources */ = {isa = PBXBuildFile; fileRef = E5A8C4AA2F7345E100D77979 /* PeakMarkerView.swift */; };
		E5A8C4BA2F7345E100D77979 /* ARCameraView.swift in Sources */ = {isa = PBXBuildFile; fileRef = E5A8C4A62F7345E100D77979 /* ARCameraView.swift */; };
		E5A8C4BB2F7345E100D77979 /* NearbyPeak.swift in Sources */ = {isa = PBXBuildFile; fileRef = E5A8C4A82F7345E100D77979 /* NearbyPeak.swift */; };
		E5A8C4BC2F7345E100D77979 /* PeakFinder.swift in Sources */ = {isa = PBXBuildFile; fileRef = E5A8C4A92F7345E100D77979 /* PeakFinder.swift */; };
		E5A8C4BD2F7345E100D77979 /* PeakOverlayView.swift in Sources */ = {isa = PBXBuildFile; fileRef = E5A8C4AB2F7345E100D77979 /* PeakOverlayView.swift */; };
		E5A8C4BE2F7345E100D77979 /* DeviceMotionManager.swift in Sources */ = {isa = PBXBuildFile; fileRef = E5A8C4A72F7345E100D77979 /* DeviceMotionManager.swift */; };
		F1F1F1F22F7345E100D77979 /* HorizonOverlayView.swift in Sources */ = {isa = PBXBuildFile; fileRef = F1F1F1F12F7345E100D77979 /* HorizonOverlayView.swift */; };
		F1F1F1F32F7345E100D77979 /* HorizonOverlayView.swift in Sources */ = {isa = PBXBuildFile; fileRef = F1F1F1F12F7345E100D77979 /* HorizonOverlayView.swift */; };
		F1F1F1F42F7345E100D77979 /* HorizonOverlayView.swift in Sources */ = {isa = PBXBuildFile; fileRef = F1F1F1F12F7345E100D77979 /* HorizonOverlayView.swift */; };
		E5A8C9492F734D0000D77979 /* ARHistoryPoint.swift in Sources */ = {isa = PBXBuildFile; fileRef = E5A8C9472F734D0000D77979 /* ARHistoryPoint.swift */; };
		E5A8C94A2F734D0000D77979 /* HistoryPointMarkerView.swift in Sources */ = {isa = PBXBuildFile; fileRef = E5A8C9482F734D0000D77979 /* HistoryPointMarkerView.swift */; };
		E5A8C94B2F734D0000D77979 /* ARHistoryPoint.swift in Sources */ = {isa = PBXBuildFile; fileRef = E5A8C9472F734D0000D77979 /* ARHistoryPoint.swift */; };
		E5A8C94C2F734D0000D77979 /* HistoryPointMarkerView.swift in Sources */ = {isa = PBXBuildFile; fileRef = E5A8C9482F734D0000D77979 /* HistoryPointMarkerView.swift */; };
		E5A8C94D2F734D0000D77979 /* ARHistoryPoint.swift in Sources */ = {isa = PBXBuildFile; fileRef = E5A8C9472F734D0000D77979 /* ARHistoryPoint.swift */; };
		E5A8C94E2F734D0000D77979 /* HistoryPointMarkerView.swift in Sources */ = {isa = PBXBuildFile; fileRef = E5A8C9482F734D0000D77979 /* HistoryPointMarkerView.swift */; };
		E5AAD28D2AAB5D950052522B /* GeoApp.swift in Sources */ = {isa = PBXBuildFile; fileRef = E5AAD28C2AAB5D950052522B /* GeoApp.swift */; };
		E5AAD28F2AAB5D950052522B /* MainView.swift in Sources */ = {isa = PBXBuildFile; fileRef = E5AAD28E2AAB5D950052522B /* MainView.swift */; };
		E5AAD2912AAB5D980052522B /* Assets.xcassets in Resources */ = {isa = PBXBuildFile; fileRef = E5AAD2902AAB5D980052522B /* Assets.xcassets */; };
		E5AAD2942AAB5D980052522B /* Preview Assets.xcassets in Resources */ = {isa = PBXBuildFile; fileRef = E5AAD2932AAB5D980052522B /* Preview Assets.xcassets */; };
		E5AAD2962AAB5D980052522B /* Persistence.swift in Sources */ = {isa = PBXBuildFile; fileRef = E5AAD2952AAB5D980052522B /* Persistence.swift */; };
		E5AAD2992AAB5D980052522B /* Geo.xcdatamodeld in Sources */ = {isa = PBXBuildFile; fileRef = E5AAD2972AAB5D980052522B /* Geo.xcdatamodeld */; };
		E5AAD2A42AAB5D980052522B /* GeoTests.swift in Sources */ = {isa = PBXBuildFile; fileRef = E5AAD2A32AAB5D980052522B /* GeoTests.swift */; };
		E5AAD2AE2AAB5D980052522B /* GeoUITests.swift in Sources */ = {isa = PBXBuildFile; fileRef = E5AAD2AD2AAB5D980052522B /* GeoUITests.swift */; };
		E5AAD2B02AAB5D980052522B /* GeoUITestsLaunchTests.swift in Sources */ = {isa = PBXBuildFile; fileRef = E5AAD2AF2AAB5D980052522B /* GeoUITestsLaunchTests.swift */; };
		E5BC6D632D1EB6F0006992D8 /* BorderText.swift in Sources */ = {isa = PBXBuildFile; fileRef = E5BC6D622D1EB6EB006992D8 /* BorderText.swift */; };
		E5BE6A2B2DB77B0C0034F772 /* DataPoint.swift in Sources */ = {isa = PBXBuildFile; fileRef = E5BE6A2A2DB77B090034F772 /* DataPoint.swift */; };
		E5BE6A2D2DB77B590034F772 /* GraphPointsView.swift in Sources */ = {isa = PBXBuildFile; fileRef = E5BE6A2C2DB77B4B0034F772 /* GraphPointsView.swift */; };
		E5BF1F662D270AC000E31412 /* ClosestMountainInformationView.swift in Sources */ = {isa = PBXBuildFile; fileRef = E5BF1F652D270AC000E31412 /* ClosestMountainInformationView.swift */; };
		E5BF1FD52D270F8B00E31412 /* list.json in Resources */ = {isa = PBXBuildFile; fileRef = E5BF1F9E2D270F8B00E31412 /* list.json */; };
		E5BF200A2D270F8B00E31412 /* list.json in Resources */ = {isa = PBXBuildFile; fileRef = E5BF1F9E2D270F8B00E31412 /* list.json */; };
		E5BF203F2D270F8B00E31412 /* list.json in Resources */ = {isa = PBXBuildFile; fileRef = E5BF1F9E2D270F8B00E31412 /* list.json */; };
		E5BF204E2D271C1000E31412 /* HighestMountainInformationView.swift in Sources */ = {isa = PBXBuildFile; fileRef = E5BF204D2D271C1000E31412 /* HighestMountainInformationView.swift */; };
		E5C78A132C22E0BC006453C7 /* MapKit.framework in Frameworks */ = {isa = PBXBuildFile; fileRef = E5C78A122C22E0BC006453C7 /* MapKit.framework */; };
		E5D68BEF2D27F1ED00E30A18 /* GraphLine.swift in Sources */ = {isa = PBXBuildFile; fileRef = E5D68BEE2D27F1E900E30A18 /* GraphLine.swift */; };
		E5D68BF12D2826B700E30A18 /* MountainDetailsView.swift in Sources */ = {isa = PBXBuildFile; fileRef = E5D68BF02D2826AE00E30A18 /* MountainDetailsView.swift */; };
		E5D68BF32D28272200E30A18 /* HistoryDetailsView.swift in Sources */ = {isa = PBXBuildFile; fileRef = E5D68BF22D28271B00E30A18 /* HistoryDetailsView.swift */; };
		E5E6CC2B2C8B2C7100779817 /* History.swift in Sources */ = {isa = PBXBuildFile; fileRef = E5E6CC2A2C8B2C7100779817 /* History.swift */; };
		E5ED16F72C382C0E004C2E94 /* Launch Screen.storyboard in Resources */ = {isa = PBXBuildFile; fileRef = E5ED16F62C382C0E004C2E94 /* Launch Screen.storyboard */; };
		E5ED16F92C382FC7004C2E94 /* CloudKit.framework in Frameworks */ = {isa = PBXBuildFile; fileRef = E5ED16F82C382FC7004C2E94 /* CloudKit.framework */; };
		E5ED16FB2C382FD3004C2E94 /* CoreData.framework in Frameworks */ = {isa = PBXBuildFile; fileRef = E5ED16FA2C382FD3004C2E94 /* CoreData.framework */; };
		E5EE4DD32CA5B315006EC1DE /* GraphView.swift in Sources */ = {isa = PBXBuildFile; fileRef = E5EE4DD22CA5B30B006EC1DE /* GraphView.swift */; };
		E5EE4DD52CA5B7D9006EC1DE /* AxisShape.swift in Sources */ = {isa = PBXBuildFile; fileRef = E5EE4DD42CA5B7D5006EC1DE /* AxisShape.swift */; };
		E5EF82C52DB672D800CC5843 /* PairDataItem.swift in Sources */ = {isa = PBXBuildFile; fileRef = E5EF82C42DB672C400CC5843 /* PairDataItem.swift */; };
		E5EF82C72DB673F900CC5843 /* PairGraphView.swift in Sources */ = {isa = PBXBuildFile; fileRef = E5EF82C62DB673F400CC5843 /* PairGraphView.swift */; };
		E5EF82C92DB678EF00CC5843 /* LegendView.swift in Sources */ = {isa = PBXBuildFile; fileRef = E5EF82C82DB678EA00CC5843 /* LegendView.swift */; };
		E5F00A012E0E000000CB66BB /* WidgetKit.framework in Frameworks */ = {isa = PBXBuildFile; fileRef = E592D55A2D428DF80038B14D /* WidgetKit.framework */; };
		E5F00A022E0E000100CB66BB /* AppIntent.swift in Sources */ = {isa = PBXBuildFile; fileRef = E56AC7862D43D1D600300854 /* AppIntent.swift */; };
/* End PBXBuildFile section */

/* Begin PBXContainerItemProxy section */
		E56AC79C2D43E0BF00300854 /* PBXContainerItemProxy */ = {
			isa = PBXContainerItemProxy;
			containerPortal = E5AAD2812AAB5D950052522B /* Project object */;
			proxyType = 1;
			remoteGlobalIDString = E56AC78B2D43E0BE00300854;
			remoteInfo = "WatchApp Watch App";
		};
		E56AC7A62D43E0BF00300854 /* PBXContainerItemProxy */ = {
			isa = PBXContainerItemProxy;
			containerPortal = E5AAD2812AAB5D950052522B /* Project object */;
			proxyType = 1;
			remoteGlobalIDString = E56AC78B2D43E0BE00300854;
			remoteInfo = "WatchApp Watch App";
		};
		E56AC7AD2D43E0BF00300854 /* PBXContainerItemProxy */ = {
			isa = PBXContainerItemProxy;
			containerPortal = E5AAD2812AAB5D950052522B /* Project object */;
			proxyType = 1;
			remoteGlobalIDString = E56AC78B2D43E0BE00300854;
			remoteInfo = "WatchApp Watch App";
		};
		E592D56B2D428DF90038B14D /* PBXContainerItemProxy */ = {
			isa = PBXContainerItemProxy;
			containerPortal = E5AAD2812AAB5D950052522B /* Project object */;
			proxyType = 1;
			remoteGlobalIDString = E592D5582D428DF80038B14D;
			remoteInfo = WidgetExtension;
		};
		E5A22D702DBFEA39008DB127 /* PBXContainerItemProxy */ = {
			isa = PBXContainerItemProxy;
			containerPortal = E5AAD2812AAB5D950052522B /* Project object */;
			proxyType = 1;
			remoteGlobalIDString = E5A22D642DBFEA39008DB127;
			remoteInfo = "Geo Watch WidgetExtension";
		};
		E5AAD2A02AAB5D980052522B /* PBXContainerItemProxy */ = {
			isa = PBXContainerItemProxy;
			containerPortal = E5AAD2812AAB5D950052522B /* Project object */;
			proxyType = 1;
			remoteGlobalIDString = E5AAD2882AAB5D950052522B;
			remoteInfo = Geo;
		};
		E5AAD2AA2AAB5D980052522B /* PBXContainerItemProxy */ = {
			isa = PBXContainerItemProxy;
			containerPortal = E5AAD2812AAB5D950052522B /* Project object */;
			proxyType = 1;
			remoteGlobalIDString = E5AAD2882AAB5D950052522B;
			remoteInfo = Geo;
		};
/* End PBXContainerItemProxy section */

/* Begin PBXCopyFilesBuildPhase section */
		E56AC7B32D43E0BF00300854 /* Embed Watch Content */ = {
			isa = PBXCopyFilesBuildPhase;
			buildActionMask = 2147483647;
			dstPath = "$(CONTENTS_FOLDER_PATH)/Watch";
			dstSubfolderSpec = 16;
			files = (
				E56AC7AF2D43E0BF00300854 /* Geo Watch App.app in Embed Watch Content */,
			);
			name = "Embed Watch Content";
			runOnlyForDeploymentPostprocessing = 0;
		};
		E592D5722D428DF90038B14D /* Embed Foundation Extensions */ = {
			isa = PBXCopyFilesBuildPhase;
			buildActionMask = 2147483647;
			dstPath = "";
			dstSubfolderSpec = 13;
			files = (
				E592D56D2D428DF90038B14D /* WidgetExtension.appex in Embed Foundation Extensions */,
			);
			name = "Embed Foundation Extensions";
			runOnlyForDeploymentPostprocessing = 0;
		};
		E5A22D732DBFEA39008DB127 /* Embed Foundation Extensions */ = {
			isa = PBXCopyFilesBuildPhase;
			buildActionMask = 2147483647;
			dstPath = "";
			dstSubfolderSpec = 13;
			files = (
				E5A22D722DBFEA39008DB127 /* Geo Watch WidgetExtension.appex in Embed Foundation Extensions */,
			);
			name = "Embed Foundation Extensions";
			runOnlyForDeploymentPostprocessing = 0;
		};
/* End PBXCopyFilesBuildPhase section */

/* Begin PBXFileReference section */
		E54BF87C2D1DA246001AB8AB /* BorderShape.swift */ = {isa = PBXFileReference; lastKnownFileType = sourcecode.swift; path = BorderShape.swift; sourceTree = "<group>"; };
		E54F5FCC2D2EC3D700564A30 /* MountainCoordinates.swift */ = {isa = PBXFileReference; lastKnownFileType = sourcecode.swift; path = MountainCoordinates.swift; sourceTree = "<group>"; };
		E54F5FCD2D2EC3D700564A30 /* MountainData.swift */ = {isa = PBXFileReference; lastKnownFileType = sourcecode.swift; path = MountainData.swift; sourceTree = "<group>"; };
		E54F5FCE2D2EC3D700564A30 /* MountainInfo.swift */ = {isa = PBXFileReference; lastKnownFileType = sourcecode.swift; path = MountainInfo.swift; sourceTree = "<group>"; };
		E54F5FCF2D2EC3D700564A30 /* MountainList.swift */ = {isa = PBXFileReference; lastKnownFileType = sourcecode.swift; path = MountainList.swift; sourceTree = "<group>"; };
		E56AC7862D43D1D600300854 /* AppIntent.swift */ = {isa = PBXFileReference; lastKnownFileType = sourcecode.swift; path = AppIntent.swift; sourceTree = "<group>"; };
		E56AC78C2D43E0BE00300854 /* Geo Watch App.app */ = {isa = PBXFileReference; explicitFileType = wrapper.application; includeInIndex = 0; path = "Geo Watch App.app"; sourceTree = BUILT_PRODUCTS_DIR; };
		E56AC79B2D43E0BF00300854 /* Geo Watch AppTests.xctest */ = {isa = PBXFileReference; explicitFileType = wrapper.cfbundle; includeInIndex = 0; path = "Geo Watch AppTests.xctest"; sourceTree = BUILT_PRODUCTS_DIR; };
		E56AC7A52D43E0BF00300854 /* Geo Watch AppUITests.xctest */ = {isa = PBXFileReference; explicitFileType = wrapper.cfbundle; includeInIndex = 0; path = "Geo Watch AppUITests.xctest"; sourceTree = BUILT_PRODUCTS_DIR; };
		E5708ACE2DBB9CF000CB66BB /* ClockKit.framework */ = {isa = PBXFileReference; lastKnownFileType = wrapper.framework; name = ClockKit.framework; path = Platforms/WatchOS.platform/Developer/SDKs/WatchOS11.4.sdk/System/Library/Frameworks/ClockKit.framework; sourceTree = DEVELOPER_DIR; };
		E5708AD02DBB9D0A00CB66BB /* CoreFoundation.framework */ = {isa = PBXFileReference; lastKnownFileType = wrapper.framework; name = CoreFoundation.framework; path = Platforms/WatchOS.platform/Developer/SDKs/WatchOS11.4.sdk/System/Library/Frameworks/CoreFoundation.framework; sourceTree = DEVELOPER_DIR; };
		E5708AD22DBB9D0F00CB66BB /* CoreMotion.framework */ = {isa = PBXFileReference; lastKnownFileType = wrapper.framework; name = CoreMotion.framework; path = Platforms/WatchOS.platform/Developer/SDKs/WatchOS11.4.sdk/System/Library/Frameworks/CoreMotion.framework; sourceTree = DEVELOPER_DIR; };
		E5708AD42DBB9D2900CB66BB /* SwiftUI.framework */ = {isa = PBXFileReference; lastKnownFileType = wrapper.framework; name = SwiftUI.framework; path = Platforms/WatchOS.platform/Developer/SDKs/WatchOS11.4.sdk/System/Library/Frameworks/SwiftUI.framework; sourceTree = DEVELOPER_DIR; };
		E57221F62C21C77E008D466B /* GeoInfoView.swift */ = {isa = PBXFileReference; lastKnownFileType = sourcecode.swift; path = GeoInfoView.swift; sourceTree = "<group>"; };
		E57221F82C21C7B7008D466B /* GeoStatView.swift */ = {isa = PBXFileReference; lastKnownFileType = sourcecode.swift; path = GeoStatView.swift; sourceTree = "<group>"; };
		E57221FA2C21C7E9008D466B /* GeoMapView.swift */ = {isa = PBXFileReference; lastKnownFileType = sourcecode.swift; path = GeoMapView.swift; sourceTree = "<group>"; };
		E57221FC2C21C82C008D466B /* GeoNatureView.swift */ = {isa = PBXFileReference; lastKnownFileType = sourcecode.swift; path = GeoNatureView.swift; sourceTree = "<group>"; };
		E57221FF2C21DBCB008D466B /* BarometerInformationView.swift */ = {isa = PBXFileReference; lastKnownFileType = sourcecode.swift; path = BarometerInformationView.swift; sourceTree = "<group>"; };
		E57222012C21F20F008D466B /* SatelliteInformationView.swift */ = {isa = PBXFileReference; lastKnownFileType = sourcecode.swift; path = SatelliteInformationView.swift; sourceTree = "<group>"; };
		E57477D92F74485400E1F3CE /* AROcclusionManager.swift */ = {isa = PBXFileReference; lastKnownFileType = sourcecode.swift; path = AROcclusionManager.swift; sourceTree = "<group>"; };
		E57478A52F744C3300E1F3CE /* ARSessionManager.swift */ = {isa = PBXFileReference; lastKnownFileType = sourcecode.swift; path = ARSessionManager.swift; sourceTree = "<group>"; };
		E584D8E72B3EEFB10004973A /* Barometer.swift */ = {isa = PBXFileReference; lastKnownFileType = sourcecode.swift; path = Barometer.swift; sourceTree = "<group>"; };
		E584D8EC2B3EF0C20004973A /* CoreMotion.framework */ = {isa = PBXFileReference; lastKnownFileType = wrapper.framework; name = CoreMotion.framework; path = System/Library/Frameworks/CoreMotion.framework; sourceTree = SDKROOT; };
		E584D8F02B3EFA5A0004973A /* GeoAppDelegate.swift */ = {isa = PBXFileReference; lastKnownFileType = sourcecode.swift; path = GeoAppDelegate.swift; sourceTree = "<group>"; };
		E58E03B22C232C00002909A4 /* CoreLocation.framework */ = {isa = PBXFileReference; lastKnownFileType = wrapper.framework; name = CoreLocation.framework; path = System/Library/Frameworks/CoreLocation.framework; sourceTree = SDKROOT; };
		E58E03B42C232E30002909A4 /* Location.swift */ = {isa = PBXFileReference; lastKnownFileType = sourcecode.swift; path = Location.swift; sourceTree = "<group>"; };
		E590928E2CD5396700499EFF /* DataSetShape.swift */ = {isa = PBXFileReference; lastKnownFileType = sourcecode.swift; path = DataSetShape.swift; sourceTree = "<group>"; };
		E59092902CD53A0100499EFF /* DataItem.swift */ = {isa = PBXFileReference; lastKnownFileType = sourcecode.swift; path = DataItem.swift; sourceTree = "<group>"; };
		E592D5592D428DF80038B14D /* WidgetExtension.appex */ = {isa = PBXFileReference; explicitFileType = "wrapper.app-extension"; includeInIndex = 0; path = WidgetExtension.appex; sourceTree = BUILT_PRODUCTS_DIR; };
		E592D55A2D428DF80038B14D /* WidgetKit.framework */ = {isa = PBXFileReference; lastKnownFileType = wrapper.framework; name = WidgetKit.framework; path = System/Library/Frameworks/WidgetKit.framework; sourceTree = SDKROOT; };
		E592D5742D42970B0038B14D /* Assets.xcassets */ = {isa = PBXFileReference; lastKnownFileType = folder.assetcatalog; path = Assets.xcassets; sourceTree = "<group>"; };
		E592D5752D42970B0038B14D /* Info.plist */ = {isa = PBXFileReference; lastKnownFileType = text.plist.xml; path = Info.plist; sourceTree = "<group>"; };
		E592D5762D42970B0038B14D /* Widget.swift */ = {isa = PBXFileReference; lastKnownFileType = sourcecode.swift; path = Widget.swift; sourceTree = "<group>"; };
		E592D5772D42970B0038B14D /* WidgetBundle.swift */ = {isa = PBXFileReference; lastKnownFileType = sourcecode.swift; path = WidgetBundle.swift; sourceTree = "<group>"; };
		E592D5822D4298380038B14D /* Geo.entitlements */ = {isa = PBXFileReference; lastKnownFileType = text.plist.entitlements; path = Geo.entitlements; sourceTree = "<group>"; };
		E592D5832D4298580038B14D /* WidgetExtension.entitlements */ = {isa = PBXFileReference; lastKnownFileType = text.plist.entitlements; path = WidgetExtension.entitlements; sourceTree = "<group>"; };
		E592D5842D4299550038B14D /* InformationToken.swift */ = {isa = PBXFileReference; lastKnownFileType = sourcecode.swift; path = InformationToken.swift; sourceTree = "<group>"; };
		A71A05E700000000000000F1 /* Atmosphere.swift */ = {isa = PBXFileReference; lastKnownFileType = sourcecode.swift; path = Atmosphere.swift; sourceTree = "<group>"; };
		F2F2F2F12D4299550038B14D /* AppLog.swift */ = {isa = PBXFileReference; lastKnownFileType = sourcecode.swift; path = AppLog.swift; sourceTree = "<group>"; };
		F2F2F2F82D4299550038B14D /* SharedSnapshotStore.swift */ = {isa = PBXFileReference; lastKnownFileType = sourcecode.swift; path = SharedSnapshotStore.swift; sourceTree = "<group>"; };
		F2F2F2F92D4299550038B14D /* PhoneConnectivityManager.swift */ = {isa = PBXFileReference; lastKnownFileType = sourcecode.swift; path = PhoneConnectivityManager.swift; sourceTree = "<group>"; };
		F3F3F3F12D4299550038B14D /* Geometry.swift */ = {isa = PBXFileReference; lastKnownFileType = sourcecode.swift; path = Geometry.swift; sourceTree = "<group>"; };
		F3F3F3F52D4299550038B14D /* GeometryTests.swift */ = {isa = PBXFileReference; lastKnownFileType = sourcecode.swift; path = GeometryTests.swift; sourceTree = "<group>"; };
		F3F3F3F72D4299550038B14D /* InformationTokenTests.swift */ = {isa = PBXFileReference; lastKnownFileType = sourcecode.swift; path = InformationTokenTests.swift; sourceTree = "<group>"; };
		F3F3F3F92D4299550038B14D /* NearbyPeakTests.swift */ = {isa = PBXFileReference; lastKnownFileType = sourcecode.swift; path = NearbyPeakTests.swift; sourceTree = "<group>"; };
		F4F4F4012D4299550038B14D /* TerrainElevationService.swift */ = {isa = PBXFileReference; lastKnownFileType = sourcecode.swift; path = TerrainElevationService.swift; sourceTree = "<group>"; };
		F4F4F4022D4299550038B14D /* SkylineCalculator.swift */ = {isa = PBXFileReference; lastKnownFileType = sourcecode.swift; path = SkylineCalculator.swift; sourceTree = "<group>"; };
		F4F4F4032D4299550038B14D /* SkylineGeometryTests.swift */ = {isa = PBXFileReference; lastKnownFileType = sourcecode.swift; path = SkylineGeometryTests.swift; sourceTree = "<group>"; };
		F6F6F6012D4299550038B14D /* PrivacyInfo.xcprivacy */ = {isa = PBXFileReference; lastKnownFileType = text.plist.xml; path = PrivacyInfo.xcprivacy; sourceTree = "<group>"; };
		F6F6F6022D4299550038B14D /* PrivacyInfo.xcprivacy */ = {isa = PBXFileReference; lastKnownFileType = text.plist.xml; path = PrivacyInfo.xcprivacy; sourceTree = "<group>"; };
		F7F7F7012D4299550038B14D /* PermissionsMonitor.swift */ = {isa = PBXFileReference; lastKnownFileType = sourcecode.swift; path = PermissionsMonitor.swift; sourceTree = "<group>"; };
		F7F7F7022D4299550038B14D /* PermissionsBanner.swift */ = {isa = PBXFileReference; lastKnownFileType = sourcecode.swift; path = PermissionsBanner.swift; sourceTree = "<group>"; };
		F8F8F8012D4299550038B14D /* en */ = {isa = PBXFileReference; lastKnownFileType = text.plist.strings; name = en; path = en.lproj/Localizable.strings; sourceTree = "<group>"; };
		E59C45272D2EC546007790E8 /* SwiftUI.framework */ = {isa = PBXFileReference; lastKnownFileType = wrapper.framework; name = SwiftUI.framework; path = System/Library/Frameworks/SwiftUI.framework; sourceTree = SDKROOT; };
		E5A22D652DBFEA39008DB127 /* Geo Watch WidgetExtension.appex */ = {isa = PBXFileReference; explicitFileType = "wrapper.app-extension"; includeInIndex = 0; path = "Geo Watch WidgetExtension.appex"; sourceTree = BUILT_PRODUCTS_DIR; };
		E5A8C4A62F7345E100D77979 /* ARCameraView.swift */ = {isa = PBXFileReference; lastKnownFileType = sourcecode.swift; path = ARCameraView.swift; sourceTree = "<group>"; };
		E5A8C4A72F7345E100D77979 /* DeviceMotionManager.swift */ = {isa = PBXFileReference; lastKnownFileType = sourcecode.swift; path = DeviceMotionManager.swift; sourceTree = "<group>"; };
		E5A8C4A82F7345E100D77979 /* NearbyPeak.swift */ = {isa = PBXFileReference; lastKnownFileType = sourcecode.swift; path = NearbyPeak.swift; sourceTree = "<group>"; };
		E5A8C4A92F7345E100D77979 /* PeakFinder.swift */ = {isa = PBXFileReference; lastKnownFileType = sourcecode.swift; path = PeakFinder.swift; sourceTree = "<group>"; };
		E5A8C4AA2F7345E100D77979 /* PeakMarkerView.swift */ = {isa = PBXFileReference; lastKnownFileType = sourcecode.swift; path = PeakMarkerView.swift; sourceTree = "<group>"; };
		E5A8C4AB2F7345E100D77979 /* PeakOverlayView.swift */ = {isa = PBXFileReference; lastKnownFileType = sourcecode.swift; path = PeakOverlayView.swift; sourceTree = "<group>"; };
		F1F1F1F12F7345E100D77979 /* HorizonOverlayView.swift */ = {isa = PBXFileReference; lastKnownFileType = sourcecode.swift; path = HorizonOverlayView.swift; sourceTree = "<group>"; };
		E5A8C9472F734D0000D77979 /* ARHistoryPoint.swift */ = {isa = PBXFileReference; lastKnownFileType = sourcecode.swift; path = ARHistoryPoint.swift; sourceTree = "<group>"; };
		E5A8C9482F734D0000D77979 /* HistoryPointMarkerView.swift */ = {isa = PBXFileReference; lastKnownFileType = sourcecode.swift; path = HistoryPointMarkerView.swift; sourceTree = "<group>"; };
		E5AAD2892AAB5D950052522B /* Geo.app */ = {isa = PBXFileReference; explicitFileType = wrapper.application; includeInIndex = 0; path = Geo.app; sourceTree = BUILT_PRODUCTS_DIR; };
		E5AAD28C2AAB5D950052522B /* GeoApp.swift */ = {isa = PBXFileReference; lastKnownFileType = sourcecode.swift; path = GeoApp.swift; sourceTree = "<group>"; };
		E5AAD28E2AAB5D950052522B /* MainView.swift */ = {isa = PBXFileReference; lastKnownFileType = sourcecode.swift; path = MainView.swift; sourceTree = "<group>"; };
		E5AAD2902AAB5D980052522B /* Assets.xcassets */ = {isa = PBXFileReference; lastKnownFileType = folder.assetcatalog; path = Assets.xcassets; sourceTree = "<group>"; };
		E5AAD2932AAB5D980052522B /* Preview Assets.xcassets */ = {isa = PBXFileReference; lastKnownFileType = folder.assetcatalog; path = "Preview Assets.xcassets"; sourceTree = "<group>"; };
		E5AAD2952AAB5D980052522B /* Persistence.swift */ = {isa = PBXFileReference; lastKnownFileType = sourcecode.swift; path = Persistence.swift; sourceTree = "<group>"; };
		E5AAD2982AAB5D980052522B /* Geo.xcdatamodel */ = {isa = PBXFileReference; lastKnownFileType = wrapper.xcdatamodel; path = Geo.xcdatamodel; sourceTree = "<group>"; };
		E5AAD29A2AAB5D980052522B /* Info.plist */ = {isa = PBXFileReference; lastKnownFileType = text.plist.xml; path = Info.plist; sourceTree = "<group>"; };
		E5AAD29F2AAB5D980052522B /* GeoTests.xctest */ = {isa = PBXFileReference; explicitFileType = wrapper.cfbundle; includeInIndex = 0; path = GeoTests.xctest; sourceTree = BUILT_PRODUCTS_DIR; };
		E5AAD2A32AAB5D980052522B /* GeoTests.swift */ = {isa = PBXFileReference; lastKnownFileType = sourcecode.swift; path = GeoTests.swift; sourceTree = "<group>"; };
		E5AAD2A92AAB5D980052522B /* GeoUITests.xctest */ = {isa = PBXFileReference; explicitFileType = wrapper.cfbundle; includeInIndex = 0; path = GeoUITests.xctest; sourceTree = BUILT_PRODUCTS_DIR; };
		E5AAD2AD2AAB5D980052522B /* GeoUITests.swift */ = {isa = PBXFileReference; lastKnownFileType = sourcecode.swift; path = GeoUITests.swift; sourceTree = "<group>"; };
		E5AAD2AF2AAB5D980052522B /* GeoUITestsLaunchTests.swift */ = {isa = PBXFileReference; lastKnownFileType = sourcecode.swift; path = GeoUITestsLaunchTests.swift; sourceTree = "<group>"; };
		E5BC6D622D1EB6EB006992D8 /* BorderText.swift */ = {isa = PBXFileReference; lastKnownFileType = sourcecode.swift; path = BorderText.swift; sourceTree = "<group>"; };
		E5BE6A2A2DB77B090034F772 /* DataPoint.swift */ = {isa = PBXFileReference; lastKnownFileType = sourcecode.swift; path = DataPoint.swift; sourceTree = "<group>"; };
		E5BE6A2C2DB77B4B0034F772 /* GraphPointsView.swift */ = {isa = PBXFileReference; lastKnownFileType = sourcecode.swift; path = GraphPointsView.swift; sourceTree = "<group>"; };
		E5BF1F652D270AC000E31412 /* ClosestMountainInformationView.swift */ = {isa = PBXFileReference; lastKnownFileType = sourcecode.swift; path = ClosestMountainInformationView.swift; sourceTree = "<group>"; };
		E5BF1F9B2D270F8B00E31412 /* en */ = {isa = PBXFileReference; lastKnownFileType = text.json; name = en; path = en.lproj/list.json; sourceTree = "<group>"; };
		E5BF204D2D271C1000E31412 /* HighestMountainInformationView.swift */ = {isa = PBXFileReference; lastKnownFileType = sourcecode.swift; path = HighestMountainInformationView.swift; sourceTree = "<group>"; };
		E5C78A122C22E0BC006453C7 /* MapKit.framework */ = {isa = PBXFileReference; lastKnownFileType = wrapper.framework; name = MapKit.framework; path = System/Library/Frameworks/MapKit.framework; sourceTree = SDKROOT; };
		E5D68BEE2D27F1E900E30A18 /* GraphLine.swift */ = {isa = PBXFileReference; lastKnownFileType = sourcecode.swift; path = GraphLine.swift; sourceTree = "<group>"; };
		E5D68BF02D2826AE00E30A18 /* MountainDetailsView.swift */ = {isa = PBXFileReference; lastKnownFileType = sourcecode.swift; path = MountainDetailsView.swift; sourceTree = "<group>"; };
		E5D68BF22D28271B00E30A18 /* HistoryDetailsView.swift */ = {isa = PBXFileReference; lastKnownFileType = sourcecode.swift; path = HistoryDetailsView.swift; sourceTree = "<group>"; };
		E5E6CC2A2C8B2C7100779817 /* History.swift */ = {isa = PBXFileReference; lastKnownFileType = sourcecode.swift; path = History.swift; sourceTree = "<group>"; };
		E5ED16F62C382C0E004C2E94 /* Launch Screen.storyboard */ = {isa = PBXFileReference; lastKnownFileType = file.storyboard; path = "Launch Screen.storyboard"; sourceTree = "<group>"; };
		E5ED16F82C382FC7004C2E94 /* CloudKit.framework */ = {isa = PBXFileReference; lastKnownFileType = wrapper.framework; name = CloudKit.framework; path = System/Library/Frameworks/CloudKit.framework; sourceTree = SDKROOT; };
		E5ED16FA2C382FD3004C2E94 /* CoreData.framework */ = {isa = PBXFileReference; lastKnownFileType = wrapper.framework; name = CoreData.framework; path = System/Library/Frameworks/CoreData.framework; sourceTree = SDKROOT; };
		E5EE4DD22CA5B30B006EC1DE /* GraphView.swift */ = {isa = PBXFileReference; lastKnownFileType = sourcecode.swift; path = GraphView.swift; sourceTree = "<group>"; };
		E5EE4DD42CA5B7D5006EC1DE /* AxisShape.swift */ = {isa = PBXFileReference; lastKnownFileType = sourcecode.swift; path = AxisShape.swift; sourceTree = "<group>"; };
		E5EF82C42DB672C400CC5843 /* PairDataItem.swift */ = {isa = PBXFileReference; lastKnownFileType = sourcecode.swift; path = PairDataItem.swift; sourceTree = "<group>"; };
		E5EF82C62DB673F400CC5843 /* PairGraphView.swift */ = {isa = PBXFileReference; lastKnownFileType = sourcecode.swift; path = PairGraphView.swift; sourceTree = "<group>"; };
		E5EF82C82DB678EA00CC5843 /* LegendView.swift */ = {isa = PBXFileReference; lastKnownFileType = sourcecode.swift; path = LegendView.swift; sourceTree = "<group>"; };
/* End PBXFileReference section */

/* Begin PBXFileSystemSynchronizedBuildFileExceptionSet section */
		E5A22D762DBFEA39008DB127 /* PBXFileSystemSynchronizedBuildFileExceptionSet */ = {
			isa = PBXFileSystemSynchronizedBuildFileExceptionSet;
			membershipExceptions = (
				Info.plist,
			);
			target = E5A22D642DBFEA39008DB127 /* Geo Watch WidgetExtension */;
		};
/* End PBXFileSystemSynchronizedBuildFileExceptionSet section */

/* Begin PBXFileSystemSynchronizedRootGroup section */
		E56AC78D2D43E0BE00300854 /* Geo Watch App */ = {isa = PBXFileSystemSynchronizedRootGroup; explicitFileTypes = {}; explicitFolders = (); path = "Geo Watch App"; sourceTree = "<group>"; };
		E56AC79E2D43E0BF00300854 /* Geo Watch AppTests */ = {isa = PBXFileSystemSynchronizedRootGroup; explicitFileTypes = {}; explicitFolders = (); path = "Geo Watch AppTests"; sourceTree = "<group>"; };
		E56AC7A82D43E0BF00300854 /* Geo Watch AppUITests */ = {isa = PBXFileSystemSynchronizedRootGroup; explicitFileTypes = {}; explicitFolders = (); path = "Geo Watch AppUITests"; sourceTree = "<group>"; };
		E5A22D682DBFEA39008DB127 /* Geo Watch Widget */ = {isa = PBXFileSystemSynchronizedRootGroup; exceptions = (E5A22D762DBFEA39008DB127 /* PBXFileSystemSynchronizedBuildFileExceptionSet */, ); explicitFileTypes = {}; explicitFolders = (); path = "Geo Watch Widget"; sourceTree = "<group>"; };
/* End PBXFileSystemSynchronizedRootGroup section */

/* Begin PBXFrameworksBuildPhase section */
		E56AC7892D43E0BE00300854 /* Frameworks */ = {
			isa = PBXFrameworksBuildPhase;
			buildActionMask = 2147483647;
			files = (
				E5708AD52DBB9D2900CB66BB /* SwiftUI.framework in Frameworks */,
				E5708AD12DBB9D0A00CB66BB /* CoreFoundation.framework in Frameworks */,
				E5708AD32DBB9D0F00CB66BB /* CoreMotion.framework in Frameworks */,
				E5708ACF2DBB9CF000CB66BB /* ClockKit.framework in Frameworks */,
				E5F00A012E0E000000CB66BB /* WidgetKit.framework in Frameworks */,
			);
			runOnlyForDeploymentPostprocessing = 0;
		};
		E56AC7982D43E0BF00300854 /* Frameworks */ = {
			isa = PBXFrameworksBuildPhase;
			buildActionMask = 2147483647;
			files = (
			);
			runOnlyForDeploymentPostprocessing = 0;
		};
		E56AC7A22D43E0BF00300854 /* Frameworks */ = {
			isa = PBXFrameworksBuildPhase;
			buildActionMask = 2147483647;
			files = (
			);
			runOnlyForDeploymentPostprocessing = 0;
		};
		E592D5562D428DF80038B14D /* Frameworks */ = {
			isa = PBXFrameworksBuildPhase;
			buildActionMask = 2147483647;
			files = (
				E592D55C2D428DF80038B14D /* SwiftUI.framework in Frameworks */,
				E592D55B2D428DF80038B14D /* WidgetKit.framework in Frameworks */,
			);
			runOnlyForDeploymentPostprocessing = 0;
		};
		E5A22D622DBFEA39008DB127 /* Frameworks */ = {
			isa = PBXFrameworksBuildPhase;
			buildActionMask = 2147483647;
			files = (
				E5A22D672DBFEA39008DB127 /* SwiftUI.framework in Frameworks */,
				E5A22D662DBFEA39008DB127 /* WidgetKit.framework in Frameworks */,
			);
			runOnlyForDeploymentPostprocessing = 0;
		};
		E5AAD2862AAB5D950052522B /* Frameworks */ = {
			isa = PBXFrameworksBuildPhase;
			buildActionMask = 2147483647;
			files = (
				E59C45282D2EC546007790E8 /* SwiftUI.framework in Frameworks */,
				E58E03B32C232C00002909A4 /* CoreLocation.framework in Frameworks */,
				E5ED16F92C382FC7004C2E94 /* CloudKit.framework in Frameworks */,
				E5ED16FB2C382FD3004C2E94 /* CoreData.framework in Frameworks */,
				E5C78A132C22E0BC006453C7 /* MapKit.framework in Frameworks */,
				E584D8ED2B3EF0C20004973A /* CoreMotion.framework in Frameworks */,
			);
			runOnlyForDeploymentPostprocessing = 0;
		};
		E5AAD29C2AAB5D980052522B /* Frameworks */ = {
			isa = PBXFrameworksBuildPhase;
			buildActionMask = 2147483647;
			files = (
			);
			runOnlyForDeploymentPostprocessing = 0;
		};
		E5AAD2A62AAB5D980052522B /* Frameworks */ = {
			isa = PBXFrameworksBuildPhase;
			buildActionMask = 2147483647;
			files = (
			);
			runOnlyForDeploymentPostprocessing = 0;
		};
/* End PBXFrameworksBuildPhase section */

/* Begin PBXGroup section */
		E54F5FD02D2EC3D700564A30 /* Mountain */ = {
			isa = PBXGroup;
			children = (
				E54F5FCC2D2EC3D700564A30 /* MountainCoordinates.swift */,
				E54F5FCD2D2EC3D700564A30 /* MountainData.swift */,
				E54F5FCE2D2EC3D700564A30 /* MountainInfo.swift */,
				E54F5FCF2D2EC3D700564A30 /* MountainList.swift */,
			);
			path = Mountain;
			sourceTree = "<group>";
		};
		E57221FE2C21DBB1008D466B /* Information */ = {
			isa = PBXGroup;
			children = (
				E5EF82C82DB678EA00CC5843 /* LegendView.swift */,
				E5D68BF22D28271B00E30A18 /* HistoryDetailsView.swift */,
				E5D68BF02D2826AE00E30A18 /* MountainDetailsView.swift */,
				E5D68BEE2D27F1E900E30A18 /* GraphLine.swift */,
				E5BC6D622D1EB6EB006992D8 /* BorderText.swift */,
				E590928E2CD5396700499EFF /* DataSetShape.swift */,
				E5EE4DD42CA5B7D5006EC1DE /* AxisShape.swift */,
				E54BF87C2D1DA246001AB8AB /* BorderShape.swift */,
				E5EE4DD22CA5B30B006EC1DE /* GraphView.swift */,
				E5EF82C62DB673F400CC5843 /* PairGraphView.swift */,
				E5BE6A2C2DB77B4B0034F772 /* GraphPointsView.swift */,
				E57221FF2C21DBCB008D466B /* BarometerInformationView.swift */,
				E57222012C21F20F008D466B /* SatelliteInformationView.swift */,
				E5BF1F652D270AC000E31412 /* ClosestMountainInformationView.swift */,
				E5BF204D2D271C1000E31412 /* HighestMountainInformationView.swift */,
			);
			path = Information;
			sourceTree = "<group>";
		};
		E584D8E62B3EEF970004973A /* Core */ = {
			isa = PBXGroup;
			children = (
				E54F5FD02D2EC3D700564A30 /* Mountain */,
				F2F2F2F12D4299550038B14D /* AppLog.swift */,
				E584D8E72B3EEFB10004973A /* Barometer.swift */,
				E59092902CD53A0100499EFF /* DataItem.swift */,
				E5EF82C42DB672C400CC5843 /* PairDataItem.swift */,
				E5BE6A2A2DB77B090034F772 /* DataPoint.swift */,
				F3F3F3F12D4299550038B14D /* Geometry.swift */,
				E5E6CC2A2C8B2C7100779817 /* History.swift */,
				E592D5842D4299550038B14D /* InformationToken.swift */,
				A71A05E700000000000000F1 /* Atmosphere.swift */,
				E58E03B42C232E30002909A4 /* Location.swift */,
				F7F7F7012D4299550038B14D /* PermissionsMonitor.swift */,
				F2F2F2F92D4299550038B14D /* PhoneConnectivityManager.swift */,
				F2F2F2F82D4299550038B14D /* SharedSnapshotStore.swift */,
				F4F4F4012D4299550038B14D /* TerrainElevationService.swift */,
			);
			path = Core;
			sourceTree = "<group>";
		};
		E584D8EB2B3EF0C20004973A /* Frameworks */ = {
			isa = PBXGroup;
			children = (
				E5708AD42DBB9D2900CB66BB /* SwiftUI.framework */,
				E5708AD22DBB9D0F00CB66BB /* CoreMotion.framework */,
				E5708AD02DBB9D0A00CB66BB /* CoreFoundation.framework */,
				E5708ACE2DBB9CF000CB66BB /* ClockKit.framework */,
				E59C45272D2EC546007790E8 /* SwiftUI.framework */,
				E5ED16FA2C382FD3004C2E94 /* CoreData.framework */,
				E5ED16F82C382FC7004C2E94 /* CloudKit.framework */,
				E58E03B22C232C00002909A4 /* CoreLocation.framework */,
				E5C78A122C22E0BC006453C7 /* MapKit.framework */,
				E584D8EC2B3EF0C20004973A /* CoreMotion.framework */,
				E592D55A2D428DF80038B14D /* WidgetKit.framework */,
			);
			name = Frameworks;
			sourceTree = "<group>";
		};
		E592D57A2D42970B0038B14D /* Widget */ = {
			isa = PBXGroup;
			children = (
				E56AC7862D43D1D600300854 /* AppIntent.swift */,
				E592D5742D42970B0038B14D /* Assets.xcassets */,
				E592D5752D42970B0038B14D /* Info.plist */,
				F6F6F6022D4299550038B14D /* PrivacyInfo.xcprivacy */,
				E592D5762D42970B0038B14D /* Widget.swift */,
				E592D5772D42970B0038B14D /* WidgetBundle.swift */,
				E592D5832D4298580038B14D /* WidgetExtension.entitlements */,
			);
			path = Widget;
			sourceTree = "<group>";
		};
		E5A8C4AC2F7345E100D77979 /* Nature */ = {
			isa = PBXGroup;
			children = (
				E57478A52F744C3300E1F3CE /* ARSessionManager.swift */,
				E57477D92F74485400E1F3CE /* AROcclusionManager.swift */,
				E5A8C9472F734D0000D77979 /* ARHistoryPoint.swift */,
				E5A8C9482F734D0000D77979 /* HistoryPointMarkerView.swift */,
				E5A8C4A62F7345E100D77979 /* ARCameraView.swift */,
				E5A8C4A72F7345E100D77979 /* DeviceMotionManager.swift */,
				E5A8C4A82F7345E100D77979 /* NearbyPeak.swift */,
				E5A8C4A92F7345E100D77979 /* PeakFinder.swift */,
				E5A8C4AA2F7345E100D77979 /* PeakMarkerView.swift */,
				E5A8C4AB2F7345E100D77979 /* PeakOverlayView.swift */,
				F1F1F1F12F7345E100D77979 /* HorizonOverlayView.swift */,
				F4F4F4022D4299550038B14D /* SkylineCalculator.swift */,
			);
			path = Nature;
			sourceTree = "<group>";
		};
		E5AAD2802AAB5D950052522B = {
			isa = PBXGroup;
			children = (
				E5AAD28B2AAB5D950052522B /* Geo */,
				E5AAD2A22AAB5D980052522B /* GeoTests */,
				E5AAD2AC2AAB5D980052522B /* GeoUITests */,
				E592D57A2D42970B0038B14D /* Widget */,
				E56AC78D2D43E0BE00300854 /* Geo Watch App */,
				E56AC79E2D43E0BF00300854 /* Geo Watch AppTests */,
				E56AC7A82D43E0BF00300854 /* Geo Watch AppUITests */,
				E5A22D682DBFEA39008DB127 /* Geo Watch Widget */,
				E5AAD28A2AAB5D950052522B /* Products */,
				E584D8EB2B3EF0C20004973A /* Frameworks */,
			);
			sourceTree = "<group>";
		};
		E5AAD28A2AAB5D950052522B /* Products */ = {
			isa = PBXGroup;
			children = (
				E5AAD2892AAB5D950052522B /* Geo.app */,
				E5AAD29F2AAB5D980052522B /* GeoTests.xctest */,
				E5AAD2A92AAB5D980052522B /* GeoUITests.xctest */,
				E592D5592D428DF80038B14D /* WidgetExtension.appex */,
				E56AC78C2D43E0BE00300854 /* Geo Watch App.app */,
				E56AC79B2D43E0BF00300854 /* Geo Watch AppTests.xctest */,
				E56AC7A52D43E0BF00300854 /* Geo Watch AppUITests.xctest */,
				E5A22D652DBFEA39008DB127 /* Geo Watch WidgetExtension.appex */,
			);
			name = Products;
			sourceTree = "<group>";
		};
		E5AAD28B2AAB5D950052522B /* Geo */ = {
			isa = PBXGroup;
			children = (
				E592D5822D4298380038B14D /* Geo.entitlements */,
				E5BF1FA02D270F8B00E31412 /* Content */,
				E57221FE2C21DBB1008D466B /* Information */,
				E5A8C4AC2F7345E100D77979 /* Nature */,
				E584D8E62B3EEF970004973A /* Core */,
				E5AAD28C2AAB5D950052522B /* GeoApp.swift */,
				E5AAD28E2AAB5D950052522B /* MainView.swift */,
				F7F7F7022D4299550038B14D /* PermissionsBanner.swift */,
				E5AAD2902AAB5D980052522B /* Assets.xcassets */,
				E5AAD2952AAB5D980052522B /* Persistence.swift */,
				E5AAD29A2AAB5D980052522B /* Info.plist */,
				F6F6F6012D4299550038B14D /* PrivacyInfo.xcprivacy */,
				F8F8F8022D4299550038B14D /* Localizable.strings */,
				E5AAD2972AAB5D980052522B /* Geo.xcdatamodeld */,
				E5AAD2922AAB5D980052522B /* Preview Content */,
				E584D8F02B3EFA5A0004973A /* GeoAppDelegate.swift */,
				E57221F62C21C77E008D466B /* GeoInfoView.swift */,
				E57221F82C21C7B7008D466B /* GeoStatView.swift */,
				E57221FA2C21C7E9008D466B /* GeoMapView.swift */,
				E57221FC2C21C82C008D466B /* GeoNatureView.swift */,
				E5ED16F62C382C0E004C2E94 /* Launch Screen.storyboard */,
			);
			path = Geo;
			sourceTree = "<group>";
		};
		E5AAD2922AAB5D980052522B /* Preview Content */ = {
			isa = PBXGroup;
			children = (
				E5AAD2932AAB5D980052522B /* Preview Assets.xcassets */,
			);
			path = "Preview Content";
			sourceTree = "<group>";
		};
		E5AAD2A22AAB5D980052522B /* GeoTests */ = {
			isa = PBXGroup;
			children = (
				E5AAD2A32AAB5D980052522B /* GeoTests.swift */,
				F3F3F3F52D4299550038B14D /* GeometryTests.swift */,
				F3F3F3F72D4299550038B14D /* InformationTokenTests.swift */,
				F3F3F3F92D4299550038B14D /* NearbyPeakTests.swift */,
				F4F4F4032D4299550038B14D /* SkylineGeometryTests.swift */,
			);
			path = GeoTests;
			sourceTree = "<group>";
		};
		E5AAD2AC2AAB5D980052522B /* GeoUITests */ = {
			isa = PBXGroup;
			children = (
				E5AAD2AD2AAB5D980052522B /* GeoUITests.swift */,
				E5AAD2AF2AAB5D980052522B /* GeoUITestsLaunchTests.swift */,
			);
			path = GeoUITests;
			sourceTree = "<group>";
		};
		E5BF1F9F2D270F8B00E31412 /* Mountains */ = {
			isa = PBXGroup;
			children = (
				E5BF1F9E2D270F8B00E31412 /* list.json */,
			);
			path = Mountains;
			sourceTree = "<group>";
		};
		E5BF1FA02D270F8B00E31412 /* Content */ = {
			isa = PBXGroup;
			children = (
				E5BF1F9F2D270F8B00E31412 /* Mountains */,
			);
			path = Content;
			sourceTree = "<group>";
		};
/* End PBXGroup section */

/* Begin PBXNativeTarget section */
		E56AC78B2D43E0BE00300854 /* Geo Watch App */ = {
			isa = PBXNativeTarget;
			buildConfigurationList = E56AC7B02D43E0BF00300854 /* Build configuration list for PBXNativeTarget "Geo Watch App" */;
			buildPhases = (
				E56AC7882D43E0BE00300854 /* Sources */,
				E56AC7892D43E0BE00300854 /* Frameworks */,
				E56AC78A2D43E0BE00300854 /* Resources */,
				E5A22D732DBFEA39008DB127 /* Embed Foundation Extensions */,
			);
			buildRules = (
			);
			dependencies = (
				E5A22D712DBFEA39008DB127 /* PBXTargetDependency */,
			);
			fileSystemSynchronizedGroups = (
				E56AC78D2D43E0BE00300854 /* Geo Watch App */,
			);
			name = "Geo Watch App";
			packageProductDependencies = (
			);
			productName = "WatchApp Watch App";
			productReference = E56AC78C2D43E0BE00300854 /* Geo Watch App.app */;
			productType = "com.apple.product-type.application";
		};
		E56AC79A2D43E0BF00300854 /* Geo Watch AppTests */ = {
			isa = PBXNativeTarget;
			buildConfigurationList = E56AC7B42D43E0BF00300854 /* Build configuration list for PBXNativeTarget "Geo Watch AppTests" */;
			buildPhases = (
				E56AC7972D43E0BF00300854 /* Sources */,
				E56AC7982D43E0BF00300854 /* Frameworks */,
				E56AC7992D43E0BF00300854 /* Resources */,
			);
			buildRules = (
			);
			dependencies = (
				E56AC79D2D43E0BF00300854 /* PBXTargetDependency */,
			);
			fileSystemSynchronizedGroups = (
				E56AC79E2D43E0BF00300854 /* Geo Watch AppTests */,
			);
			name = "Geo Watch AppTests";
			packageProductDependencies = (
			);
			productName = "WatchApp Watch AppTests";
			productReference = E56AC79B2D43E0BF00300854 /* Geo Watch AppTests.xctest */;
			productType = "com.apple.product-type.bundle.unit-test";
		};
		E56AC7A42D43E0BF00300854 /* Geo Watch AppUITests */ = {
			isa = PBXNativeTarget;
			buildConfigurationList = E56AC7B72D43E0BF00300854 /* Build configuration list for PBXNativeTarget "Geo Watch AppUITests" */;
			buildPhases = (
				E56AC7A12D43E0BF00300854 /* Sources */,
				E56AC7A22D43E0BF00300854 /* Frameworks */,
				E56AC7A32D43E0BF00300854 /* Resources */,
			);
			buildRules = (
			);
			dependencies = (
				E56AC7A72D43E0BF00300854 /* PBXTargetDependency */,
			);
			fileSystemSynchronizedGroups = (
				E56AC7A82D43E0BF00300854 /* Geo Watch AppUITests */,
			);
			name = "Geo Watch AppUITests";
			packageProductDependencies = (
			);
			productName = "WatchApp Watch AppUITests";
			productReference = E56AC7A52D43E0BF00300854 /* Geo Watch AppUITests.xctest */;
			productType = "com.apple.product-type.bundle.ui-testing";
		};
		E592D5582D428DF80038B14D /* WidgetExtension */ = {
			isa = PBXNativeTarget;
			buildConfigurationList = E592D56F2D428DF90038B14D /* Build configuration list for PBXNativeTarget "WidgetExtension" */;
			buildPhases = (
				E592D5552D428DF80038B14D /* Sources */,
				E592D5562D428DF80038B14D /* Frameworks */,
				E592D5572D428DF80038B14D /* Resources */,
			);
			buildRules = (
			);
			dependencies = (
			);
			name = WidgetExtension;
			packageProductDependencies = (
			);
			productName = WidgetExtension;
			productReference = E592D5592D428DF80038B14D /* WidgetExtension.appex */;
			productType = "com.apple.product-type.app-extension";
		};
		E5A22D642DBFEA39008DB127 /* Geo Watch WidgetExtension */ = {
			isa = PBXNativeTarget;
			buildConfigurationList = E5A22D772DBFEA39008DB127 /* Build configuration list for PBXNativeTarget "Geo Watch WidgetExtension" */;
			buildPhases = (
				E5A22D612DBFEA39008DB127 /* Sources */,
				E5A22D622DBFEA39008DB127 /* Frameworks */,
				E5A22D632DBFEA39008DB127 /* Resources */,
			);
			buildRules = (
			);
			dependencies = (
			);
			fileSystemSynchronizedGroups = (
				E5A22D682DBFEA39008DB127 /* Geo Watch Widget */,
			);
			name = "Geo Watch WidgetExtension";
			packageProductDependencies = (
			);
			productName = "Geo Watch WidgetExtension";
			productReference = E5A22D652DBFEA39008DB127 /* Geo Watch WidgetExtension.appex */;
			productType = "com.apple.product-type.app-extension";
		};
		E5AAD2882AAB5D950052522B /* Geo */ = {
			isa = PBXNativeTarget;
			buildConfigurationList = E5AAD2B32AAB5D980052522B /* Build configuration list for PBXNativeTarget "Geo" */;
			buildPhases = (
				E5AAD2852AAB5D950052522B /* Sources */,
				E5AAD2862AAB5D950052522B /* Frameworks */,
				E5AAD2872AAB5D950052522B /* Resources */,
				E592D5722D428DF90038B14D /* Embed Foundation Extensions */,
				E56AC7B32D43E0BF00300854 /* Embed Watch Content */,
			);
			buildRules = (
			);
			dependencies = (
				E592D56C2D428DF90038B14D /* PBXTargetDependency */,
				E56AC7AE2D43E0BF00300854 /* PBXTargetDependency */,
			);
			name = Geo;
			productName = Geo;
			productReference = E5AAD2892AAB5D950052522B /* Geo.app */;
			productType = "com.apple.product-type.application";
		};
		E5AAD29E2AAB5D980052522B /* GeoTests */ = {
			isa = PBXNativeTarget;
			buildConfigurationList = E5AAD2B62AAB5D980052522B /* Build configuration list for PBXNativeTarget "GeoTests" */;
			buildPhases = (
				E5AAD29B2AAB5D980052522B /* Sources */,
				E5AAD29C2AAB5D980052522B /* Frameworks */,
				E5AAD29D2AAB5D980052522B /* Resources */,
			);
			buildRules = (
			);
			dependencies = (
				E5AAD2A12AAB5D980052522B /* PBXTargetDependency */,
			);
			name = GeoTests;
			productName = GeoTests;
			productReference = E5AAD29F2AAB5D980052522B /* GeoTests.xctest */;
			productType = "com.apple.product-type.bundle.unit-test";
		};
		E5AAD2A82AAB5D980052522B /* GeoUITests */ = {
			isa = PBXNativeTarget;
			buildConfigurationList = E5AAD2B92AAB5D980052522B /* Build configuration list for PBXNativeTarget "GeoUITests" */;
			buildPhases = (
				E5AAD2A52AAB5D980052522B /* Sources */,
				E5AAD2A62AAB5D980052522B /* Frameworks */,
				E5AAD2A72AAB5D980052522B /* Resources */,
			);
			buildRules = (
			);
			dependencies = (
				E5AAD2AB2AAB5D980052522B /* PBXTargetDependency */,
			);
			name = GeoUITests;
			productName = GeoUITests;
			productReference = E5AAD2A92AAB5D980052522B /* GeoUITests.xctest */;
			productType = "com.apple.product-type.bundle.ui-testing";
		};
/* End PBXNativeTarget section */

/* Begin PBXProject section */
		E5AAD2812AAB5D950052522B /* Project object */ = {
			isa = PBXProject;
			attributes = {
				BuildIndependentTargetsInParallel = 1;
				LastSwiftUpdateCheck = 1630;
				LastUpgradeCheck = 2600;
				TargetAttributes = {
					E56AC78B2D43E0BE00300854 = {
						CreatedOnToolsVersion = 16.2;
					};
					E56AC79A2D43E0BF00300854 = {
						CreatedOnToolsVersion = 16.2;
						TestTargetID = E56AC78B2D43E0BE00300854;
					};
					E56AC7A42D43E0BF00300854 = {
						CreatedOnToolsVersion = 16.2;
						TestTargetID = E56AC78B2D43E0BE00300854;
					};
					E592D5582D428DF80038B14D = {
						CreatedOnToolsVersion = 16.2;
					};
					E5A22D642DBFEA39008DB127 = {
						CreatedOnToolsVersion = 16.3;
					};
					E5AAD2882AAB5D950052522B = {
						CreatedOnToolsVersion = 14.3.1;
					};
					E5AAD29E2AAB5D980052522B = {
						CreatedOnToolsVersion = 14.3.1;
						TestTargetID = E5AAD2882AAB5D950052522B;
					};
					E5AAD2A82AAB5D980052522B = {
						CreatedOnToolsVersion = 14.3.1;
						TestTargetID = E5AAD2882AAB5D950052522B;
					};
				};
			};
			buildConfigurationList = E5AAD2842AAB5D950052522B /* Build configuration list for PBXProject "Geo" */;
			compatibilityVersion = "Xcode 14.0";
			developmentRegion = en;
			hasScannedForEncodings = 0;
			knownRegions = (
				en,
				Base,
			);
			mainGroup = E5AAD2802AAB5D950052522B;
			productRefGroup = E5AAD28A2AAB5D950052522B /* Products */;
			projectDirPath = "";
			projectRoot = "";
			targets = (
				E5AAD2882AAB5D950052522B /* Geo */,
				E5AAD29E2AAB5D980052522B /* GeoTests */,
				E5AAD2A82AAB5D980052522B /* GeoUITests */,
				E592D5582D428DF80038B14D /* WidgetExtension */,
				E56AC78B2D43E0BE00300854 /* Geo Watch App */,
				E56AC79A2D43E0BF00300854 /* Geo Watch AppTests */,
				E56AC7A42D43E0BF00300854 /* Geo Watch AppUITests */,
				E5A22D642DBFEA39008DB127 /* Geo Watch WidgetExtension */,
			);
		};
/* End PBXProject section */

/* Begin PBXResourcesBuildPhase section */
		E56AC78A2D43E0BE00300854 /* Resources */ = {
			isa = PBXResourcesBuildPhase;
			buildActionMask = 2147483647;
			files = (
			);
			runOnlyForDeploymentPostprocessing = 0;
		};
		E56AC7992D43E0BF00300854 /* Resources */ = {
			isa = PBXResourcesBuildPhase;
			buildActionMask = 2147483647;
			files = (
			);
			runOnlyForDeploymentPostprocessing = 0;
		};
		E56AC7A32D43E0BF00300854 /* Resources */ = {
			isa = PBXResourcesBuildPhase;
			buildActionMask = 2147483647;
			files = (
			);
			runOnlyForDeploymentPostprocessing = 0;
		};
		E592D5572D428DF80038B14D /* Resources */ = {
			isa = PBXResourcesBuildPhase;
			buildActionMask = 2147483647;
			files = (
				E592D57B2D42970B0038B14D /* Assets.xcassets in Resources */,
				F6F6F6042D4299650038B14D /* PrivacyInfo.xcprivacy in Resources */,
			);
			runOnlyForDeploymentPostprocessing = 0;
		};
		E5A22D632DBFEA39008DB127 /* Resources */ = {
			isa = PBXResourcesBuildPhase;
			buildActionMask = 2147483647;
			files = (
			);
			runOnlyForDeploymentPostprocessing = 0;
		};
		E5AAD2872AAB5D950052522B /* Resources */ = {
			isa = PBXResourcesBuildPhase;
			buildActionMask = 2147483647;
			files = (
				E5BF203F2D270F8B00E31412 /* list.json in Resources */,
				E5ED16F72C382C0E004C2E94 /* Launch Screen.storyboard in Resources */,
				E5AAD2942AAB5D980052522B /* Preview Assets.xcassets in Resources */,
				E5AAD2912AAB5D980052522B /* Assets.xcassets in Resources */,
				F6F6F6032D4299650038B14D /* PrivacyInfo.xcprivacy in Resources */,
				F8F8F8032D4299650038B14D /* Localizable.strings in Resources */,
			);
			runOnlyForDeploymentPostprocessing = 0;
		};
		E5AAD29D2AAB5D980052522B /* Resources */ = {
			isa = PBXResourcesBuildPhase;
			buildActionMask = 2147483647;
			files = (
				E5BF1FD52D270F8B00E31412 /* list.json in Resources */,
			);
			runOnlyForDeploymentPostprocessing = 0;
		};
		E5AAD2A72AAB5D980052522B /* Resources */ = {
			isa = PBXResourcesBuildPhase;
			buildActionMask = 2147483647;
			files = (
				E5BF200A2D270F8B00E31412 /* list.json in Resources */,
			);
			runOnlyForDeploymentPostprocessing = 0;
		};
/* End PBXResourcesBuildPhase section */

/* Begin PBXSourcesBuildPhase section */
		E56AC7882D43E0BE00300854 /* Sources */ = {
			isa = PBXSourcesBuildPhase;
			buildActionMask = 2147483647;
			files = (
				E56AC7BB2D43E86900300854 /* InformationToken.swift in Sources */,
				A71A05E700000000000000B1 /* Atmosphere.swift in Sources */,
				F2F2F3012D4299650038B14D /* AppLog.swift in Sources */,
				F2F2F3112D4299650038B14D /* SharedSnapshotStore.swift in Sources */,
			);
			runOnlyForDeploymentPostprocessing = 0;
		};
		E56AC7972D43E0BF00300854 /* Sources */ = {
			isa = PBXSourcesBuildPhase;
			buildActionMask = 2147483647;
			files = (
			);
			runOnlyForDeploymentPostprocessing = 0;
		};
		E56AC7A12D43E0BF00300854 /* Sources */ = {
			isa = PBXSourcesBuildPhase;
			buildActionMask = 2147483647;
			files = (
			);
			runOnlyForDeploymentPostprocessing = 0;
		};
		E592D5552D428DF80038B14D /* Sources */ = {
			isa = PBXSourcesBuildPhase;
			buildActionMask = 2147483647;
			files = (
				E592D5862D4299650038B14D /* InformationToken.swift in Sources */,
				A71A05E700000000000000B3 /* Atmosphere.swift in Sources */,
				E56AC7872D43D1D600300854 /* AppIntent.swift in Sources */,
				E592D57E2D42970B0038B14D /* Widget.swift in Sources */,
				E592D57F2D42970B0038B14D /* WidgetBundle.swift in Sources */,
				F2F2F3022D4299650038B14D /* AppLog.swift in Sources */,
				F2F2F3122D4299650038B14D /* SharedSnapshotStore.swift in Sources */,
			);
			runOnlyForDeploymentPostprocessing = 0;
		};
		E5A22D612DBFEA39008DB127 /* Sources */ = {
			isa = PBXSourcesBuildPhase;
			buildActionMask = 2147483647;
			files = (
				F2F2F3032D4299650038B14D /* AppLog.swift in Sources */,
				F2F2F3132D4299650038B14D /* SharedSnapshotStore.swift in Sources */,
				F5F5F5012D4299650038B14D /* InformationToken.swift in Sources */,
				A71A05E700000000000000B4 /* Atmosphere.swift in Sources */,
			);
			runOnlyForDeploymentPostprocessing = 0;
		};
		E5AAD2852AAB5D950052522B /* Sources */ = {
			isa = PBXSourcesBuildPhase;
			buildActionMask = 2147483647;
			files = (
				E54F5FD12D2EC3D700564A30 /* MountainCoordinates.swift in Sources */,
				E54F5FD22D2EC3D700564A30 /* MountainData.swift in Sources */,
				E54F5FD32D2EC3D700564A30 /* MountainInfo.swift in Sources */,
				E5EF82C52DB672D800CC5843 /* PairDataItem.swift in Sources */,
				E54F5FD42D2EC3D700564A30 /* MountainList.swift in Sources */,
				E5AAD2962AAB5D980052522B /* Persistence.swift in Sources */,
				E584D8E82B3EEFB10004973A /* Barometer.swift in Sources */,
				E5EF82C72DB673F900CC5843 /* PairGraphView.swift in Sources */,
				E5A8C9492F734D0000D77979 /* ARHistoryPoint.swift in Sources */,
				E5A8C94A2F734D0000D77979 /* HistoryPointMarkerView.swift in Sources */,
				E5BC6D632D1EB6F0006992D8 /* BorderText.swift in Sources */,
				E57478A72F744C3300E1F3CE /* ARSessionManager.swift in Sources */,
				E5A8C4AD2F7345E100D77979 /* PeakMarkerView.swift in Sources */,
				E5A8C4AE2F7345E100D77979 /* ARCameraView.swift in Sources */,
				E5A8C4AF2F7345E100D77979 /* NearbyPeak.swift in Sources */,
				E5A8C4B02F7345E100D77979 /* PeakFinder.swift in Sources */,
				E5A8C4B12F7345E100D77979 /* PeakOverlayView.swift in Sources */,
				F1F1F1F22F7345E100D77979 /* HorizonOverlayView.swift in Sources */,
				E5A8C4B22F7345E100D77979 /* DeviceMotionManager.swift in Sources */,
				E5E6CC2B2C8B2C7100779817 /* History.swift in Sources */,
				E57221FB2C21C7E9008D466B /* GeoMapView.swift in Sources */,
				E59092912CD53A0500499EFF /* DataItem.swift in Sources */,
				E57477DB2F74485400E1F3CE /* AROcclusionManager.swift in Sources */,
				E5D68BEF2D27F1ED00E30A18 /* GraphLine.swift in Sources */,
				E57221FD2C21C82C008D466B /* GeoNatureView.swift in Sources */,
				E592D5852D42995F0038B14D /* InformationToken.swift in Sources */,
				A71A05E700000000000000B2 /* Atmosphere.swift in Sources */,
				E5EE4DD32CA5B315006EC1DE /* GraphView.swift in Sources */,
				E5BE6A2B2DB77B0C0034F772 /* DataPoint.swift in Sources */,
				E5EF82C92DB678EF00CC5843 /* LegendView.swift in Sources */,
				E5AAD28F2AAB5D950052522B /* MainView.swift in Sources */,
				E590928F2CD5398C00499EFF /* DataSetShape.swift in Sources */,
				E5D68BF32D28272200E30A18 /* HistoryDetailsView.swift in Sources */,
				E5BF204E2D271C1000E31412 /* HighestMountainInformationView.swift in Sources */,
				E5D68BF12D2826B700E30A18 /* MountainDetailsView.swift in Sources */,
				E57221F72C21C77E008D466B /* GeoInfoView.swift in Sources */,
				E58E03B52C232E30002909A4 /* Location.swift in Sources */,
				E5EE4DD52CA5B7D9006EC1DE /* AxisShape.swift in Sources */,
				E5AAD28D2AAB5D950052522B /* GeoApp.swift in Sources */,
				E584D8F12B3EFA5A0004973A /* GeoAppDelegate.swift in Sources */,
				E57221F92C21C7B7008D466B /* GeoStatView.swift in Sources */,
				E57222022C21F20F008D466B /* SatelliteInformationView.swift in Sources */,
				E57222002C21DBCB008D466B /* BarometerInformationView.swift in Sources */,
				E5BF1F662D270AC000E31412 /* ClosestMountainInformationView.swift in Sources */,
				E5BE6A2D2DB77B590034F772 /* GraphPointsView.swift in Sources */,
				E54BF87D2D1DA246001AB8AB /* BorderShape.swift in Sources */,
				E5F00A022E0E000100CB66BB /* AppIntent.swift in Sources */,
				E5AAD2992AAB5D980052522B /* Geo.xcdatamodeld in Sources */,
				F2F2F3002D4299650038B14D /* AppLog.swift in Sources */,
				F2F2F3102D4299650038B14D /* SharedSnapshotStore.swift in Sources */,
				F2F2F3202D4299650038B14D /* PhoneConnectivityManager.swift in Sources */,
				F3F3F3F22D4299650038B14D /* Geometry.swift in Sources */,
				F4F4F4042D4299650038B14D /* TerrainElevationService.swift in Sources */,
				F4F4F4052D4299650038B14D /* SkylineCalculator.swift in Sources */,
				F7F7F7032D4299650038B14D /* PermissionsMonitor.swift in Sources */,
				F7F7F7042D4299650038B14D /* PermissionsBanner.swift in Sources */,
			);
			runOnlyForDeploymentPostprocessing = 0;
		};
		E5AAD29B2AAB5D980052522B /* Sources */ = {
			isa = PBXSourcesBuildPhase;
			buildActionMask = 2147483647;
			files = (
				E5AAD2A42AAB5D980052522B /* GeoTests.swift in Sources */,
				F3F3F3F62D4299650038B14D /* GeometryTests.swift in Sources */,
				F3F3F3F82D4299650038B14D /* InformationTokenTests.swift in Sources */,
				F3F3F3FA2D4299650038B14D /* NearbyPeakTests.swift in Sources */,
				F4F4F4082D4299650038B14D /* SkylineGeometryTests.swift in Sources */,
			);
			runOnlyForDeploymentPostprocessing = 0;
		};
		E5AAD2A52AAB5D980052522B /* Sources */ = {
			isa = PBXSourcesBuildPhase;
			buildActionMask = 2147483647;
			files = (
				E5AAD2B02AAB5D980052522B /* GeoUITestsLaunchTests.swift in Sources */,
				E5AAD2AE2AAB5D980052522B /* GeoUITests.swift in Sources */,
			);
			runOnlyForDeploymentPostprocessing = 0;
		};
/* End PBXSourcesBuildPhase section */

/* Begin PBXTargetDependency section */
		E56AC79D2D43E0BF00300854 /* PBXTargetDependency */ = {
			isa = PBXTargetDependency;
			target = E56AC78B2D43E0BE00300854 /* Geo Watch App */;
			targetProxy = E56AC79C2D43E0BF00300854 /* PBXContainerItemProxy */;
		};
		E56AC7A72D43E0BF00300854 /* PBXTargetDependency */ = {
			isa = PBXTargetDependency;
			target = E56AC78B2D43E0BE00300854 /* Geo Watch App */;
			targetProxy = E56AC7A62D43E0BF00300854 /* PBXContainerItemProxy */;
		};
		E56AC7AE2D43E0BF00300854 /* PBXTargetDependency */ = {
			isa = PBXTargetDependency;
			target = E56AC78B2D43E0BE00300854 /* Geo Watch App */;
			targetProxy = E56AC7AD2D43E0BF00300854 /* PBXContainerItemProxy */;
		};
		E592D56C2D428DF90038B14D /* PBXTargetDependency */ = {
			isa = PBXTargetDependency;
			target = E592D5582D428DF80038B14D /* WidgetExtension */;
			targetProxy = E592D56B2D428DF90038B14D /* PBXContainerItemProxy */;
		};
		E5A22D712DBFEA39008DB127 /* PBXTargetDependency */ = {
			isa = PBXTargetDependency;
			target = E5A22D642DBFEA39008DB127 /* Geo Watch WidgetExtension */;
			targetProxy = E5A22D702DBFEA39008DB127 /* PBXContainerItemProxy */;
		};
		E5AAD2A12AAB5D980052522B /* PBXTargetDependency */ = {
			isa = PBXTargetDependency;
			target = E5AAD2882AAB5D950052522B /* Geo */;
			targetProxy = E5AAD2A02AAB5D980052522B /* PBXContainerItemProxy */;
		};
		E5AAD2AB2AAB5D980052522B /* PBXTargetDependency */ = {
			isa = PBXTargetDependency;
			target = E5AAD2882AAB5D950052522B /* Geo */;
			targetProxy = E5AAD2AA2AAB5D980052522B /* PBXContainerItemProxy */;
		};
/* End PBXTargetDependency section */

/* Begin PBXVariantGroup section */
		E5BF1F9E2D270F8B00E31412 /* list.json */ = {
			isa = PBXVariantGroup;
			children = (
				E5BF1F9B2D270F8B00E31412 /* en */,
			);
			name = list.json;
			sourceTree = "<group>";
		};
		F8F8F8022D4299550038B14D /* Localizable.strings */ = {
			isa = PBXVariantGroup;
			children = (
				F8F8F8012D4299550038B14D /* en */,
			);
			name = Localizable.strings;
			sourceTree = "<group>";
		};
/* End PBXVariantGroup section */

/* Begin XCBuildConfiguration section */
		E56AC7B12D43E0BF00300854 /* Debug */ = {
			isa = XCBuildConfiguration;
			buildSettings = {
				ASSETCATALOG_COMPILER_APPICON_NAME = AppIcon;
				ASSETCATALOG_COMPILER_GLOBAL_ACCENT_COLOR_NAME = AccentColor;
				ASSETCATALOG_COMPILER_INCLUDE_ALL_APPICON_ASSETS = YES;
				CODE_SIGN_ENTITLEMENTS = "Geo Watch App/Geo Watch App.entitlements";
				CODE_SIGN_STYLE = Automatic;
				CURRENT_PROJECT_VERSION = 6865;
				DEVELOPMENT_ASSET_PATHS = "\"Geo Watch App/Preview Content\"";
				ENABLE_PREVIEWS = YES;
				GCC_C_LANGUAGE_STANDARD = gnu17;
				GENERATE_INFOPLIST_FILE = YES;
				INFOPLIST_FILE = "Geo-Watch-App-Info.plist";
				INFOPLIST_KEY_CFBundleDisplayName = Geo;
				INFOPLIST_KEY_UISupportedInterfaceOrientations = "UIInterfaceOrientationPortrait UIInterfaceOrientationPortraitUpsideDown";
				INFOPLIST_KEY_WKCompanionAppBundleIdentifier = me.nettrash.Geo;
				INFOPLIST_KEY_WKRunsIndependentlyOfCompanionApp = YES;
				LD_RUNPATH_SEARCH_PATHS = (
					"$(inherited)",
					"@executable_path/Frameworks",
				);
				LOCALIZATION_PREFERS_STRING_CATALOGS = YES;
				MARKETING_VERSION = 1.1;
				PRODUCT_BUNDLE_IDENTIFIER = me.nettrash.Geo.watchkitapp;
				PRODUCT_NAME = "$(TARGET_NAME)";
				SDKROOT = watchos;
				SKIP_INSTALL = YES;
				SWIFT_ACTIVE_COMPILATION_CONDITIONS = "DEBUG $(inherited)";
				SWIFT_EMIT_LOC_STRINGS = YES;
				SWIFT_VERSION = 6.0;
				TARGETED_DEVICE_FAMILY = 4;
				WATCHOS_DEPLOYMENT_TARGET = 26.0;
			};
			name = Debug;
		};
		E56AC7B22D43E0BF00300854 /* Release */ = {
			isa = XCBuildConfiguration;
			buildSettings = {
				ASSETCATALOG_COMPILER_APPICON_NAME = AppIcon;
				ASSETCATALOG_COMPILER_GLOBAL_ACCENT_COLOR_NAME = AccentColor;
				ASSETCATALOG_COMPILER_INCLUDE_ALL_APPICON_ASSETS = YES;
				CODE_SIGN_ENTITLEMENTS = "Geo Watch App/Geo Watch App.entitlements";
				CODE_SIGN_STYLE = Automatic;
				CURRENT_PROJECT_VERSION = 6865;
				DEVELOPMENT_ASSET_PATHS = "\"Geo Watch App/Preview Content\"";
				ENABLE_PREVIEWS = YES;
				GCC_C_LANGUAGE_STANDARD = gnu17;
				GENERATE_INFOPLIST_FILE = YES;
				INFOPLIST_FILE = "Geo-Watch-App-Info.plist";
				INFOPLIST_KEY_CFBundleDisplayName = Geo;
				INFOPLIST_KEY_UISupportedInterfaceOrientations = "UIInterfaceOrientationPortrait UIInterfaceOrientationPortraitUpsideDown";
				INFOPLIST_KEY_WKCompanionAppBundleIdentifier = me.nettrash.Geo;
				INFOPLIST_KEY_WKRunsIndependentlyOfCompanionApp = YES;
				LD_RUNPATH_SEARCH_PATHS = (
					"$(inherited)",
					"@executable_path/Frameworks",
				);
				LOCALIZATION_PREFERS_STRING_CATALOGS = YES;
				MARKETING_VERSION = 1.1;
				PRODUCT_BUNDLE_IDENTIFIER = me.nettrash.Geo.watchkitapp;
				PRODUCT_NAME = "$(TARGET_NAME)";
				SDKROOT = watchos;
				SKIP_INSTALL = YES;
				SWIFT_EMIT_LOC_STRINGS = YES;
				SWIFT_VERSION = 6.0;
				TARGETED_DEVICE_FAMILY = 4;
				WATCHOS_DEPLOYMENT_TARGET = 26.0;
			};
			name = Release;
		};
		E56AC7B52D43E0BF00300854 /* Debug */ = {
			isa = XCBuildConfiguration;
			buildSettings = {
				BUNDLE_LOADER = "$(TEST_HOST)";
				CODE_SIGN_STYLE = Automatic;
				CURRENT_PROJECT_VERSION = 6865;
				GCC_C_LANGUAGE_STANDARD = gnu17;
				GENERATE_INFOPLIST_FILE = YES;
				LOCALIZATION_PREFERS_STRING_CATALOGS = YES;
				MARKETING_VERSION = 1.1;
				PRODUCT_BUNDLE_IDENTIFIER = "me.nettrash.Geo.Geo-Watch-AppTests";
				PRODUCT_NAME = "$(TARGET_NAME)";
				SDKROOT = watchos;
				SWIFT_ACTIVE_COMPILATION_CONDITIONS = "DEBUG $(inherited)";
				SWIFT_EMIT_LOC_STRINGS = NO;
				SWIFT_VERSION = 6.0;
				TARGETED_DEVICE_FAMILY = 4;
				TEST_HOST = "$(BUILT_PRODUCTS_DIR)/Geo Watch App.app/$(BUNDLE_EXECUTABLE_FOLDER_PATH)/Geo Watch App";
				WATCHOS_DEPLOYMENT_TARGET = 26.0;
			};
			name = Debug;
		};
		E56AC7B62D43E0BF00300854 /* Release */ = {
			isa = XCBuildConfiguration;
			buildSettings = {
				BUNDLE_LOADER = "$(TEST_HOST)";
				CODE_SIGN_STYLE = Automatic;
				CURRENT_PROJECT_VERSION = 6865;
				GCC_C_LANGUAGE_STANDARD = gnu17;
				GENERATE_INFOPLIST_FILE = YES;
				LOCALIZATION_PREFERS_STRING_CATALOGS = YES;
				MARKETING_VERSION = 1.1;
				PRODUCT_BUNDLE_IDENTIFIER = "me.nettrash.Geo.Geo-Watch-AppTests";
				PRODUCT_NAME = "$(TARGET_NAME)";
				SDKROOT = watchos;
				SWIFT_EMIT_LOC_STRINGS = NO;
				SWIFT_VERSION = 6.0;
				TARGETED_DEVICE_FAMILY = 4;
				TEST_HOST = "$(BUILT_PRODUCTS_DIR)/Geo Watch App.app/$(BUNDLE_EXECUTABLE_FOLDER_PATH)/Geo Watch App";
				WATCHOS_DEPLOYMENT_TARGET = 26.0;
			};
			name = Release;
		};
		E56AC7B82D43E0BF00300854 /* Debug */ = {
			isa = XCBuildConfiguration;
			buildSettings = {
				CODE_SIGN_STYLE = Automatic;
				CURRENT_PROJECT_VERSION = 6865;
				GCC_C_LANGUAGE_STANDARD = gnu17;
				GENERATE_INFOPLIST_FILE = YES;
				LOCALIZATION_PREFERS_STRING_CATALOGS = YES;
				MARKETING_VERSION = 1.1;
				PRODUCT_BUNDLE_IDENTIFIER = "me.nettrash.Geo.Geo-Watch-AppUITests";
				PRODUCT_NAME = "$(TARGET_NAME)";
				SDKROOT = watchos;
				SWIFT_ACTIVE_COMPILATION_CONDITIONS = "DEBUG $(inherited)";
				SWIFT_EMIT_LOC_STRINGS = NO;
				SWIFT_VERSION = 6.0;
				TARGETED_DEVICE_FAMILY = 4;
				TEST_TARGET_NAME = "Geo Watch App";
				WATCHOS_DEPLOYMENT_TARGET = 26.0;
			};
			name = Debug;
		};
		E56AC7B92D43E0BF00300854 /* Release */ = {
			isa = XCBuildConfiguration;
			buildSettings = {
				CODE_SIGN_STYLE = Automatic;
				CURRENT_PROJECT_VERSION = 6865;
				GCC_C_LANGUAGE_STANDARD = gnu17;
				GENERATE_INFOPLIST_FILE = YES;
				LOCALIZATION_PREFERS_STRING_CATALOGS = YES;
				MARKETING_VERSION = 1.1;
				PRODUCT_BUNDLE_IDENTIFIER = "me.nettrash.Geo.Geo-Watch-AppUITests";
				PRODUCT_NAME = "$(TARGET_NAME)";
				SDKROOT = watchos;
				SWIFT_EMIT_LOC_STRINGS = NO;
				SWIFT_VERSION = 6.0;
				TARGETED_DEVICE_FAMILY = 4;
				TEST_TARGET_NAME = "Geo Watch App";
				WATCHOS_DEPLOYMENT_TARGET = 26.0;
			};
			name = Release;
		};
		E592D5702D428DF90038B14D /* Debug */ = {
			isa = XCBuildConfiguration;
			buildSettings = {
				ASSETCATALOG_COMPILER_GLOBAL_ACCENT_COLOR_NAME = AccentColor;
				ASSETCATALOG_COMPILER_WIDGET_BACKGROUND_COLOR_NAME = WidgetBackground;
				CODE_SIGN_ENTITLEMENTS = Widget/WidgetExtension.entitlements;
				CODE_SIGN_STYLE = Automatic;
				CURRENT_PROJECT_VERSION = 6865;
				GCC_C_LANGUAGE_STANDARD = gnu17;
				GENERATE_INFOPLIST_FILE = YES;
				INFOPLIST_FILE = Widget/Info.plist;
				INFOPLIST_KEY_CFBundleDisplayName = GEO;
				INFOPLIST_KEY_NSHumanReadableCopyright = "";
				IPHONEOS_DEPLOYMENT_TARGET = 26.0;
				LD_RUNPATH_SEARCH_PATHS = (
					"$(inherited)",
					"@executable_path/Frameworks",
					"@executable_path/../../Frameworks",
				);
				LOCALIZATION_PREFERS_STRING_CATALOGS = YES;
				MARKETING_VERSION = 1.1;
				PRODUCT_BUNDLE_IDENTIFIER = me.nettrash.Geo.Widget;
				PRODUCT_NAME = "$(TARGET_NAME)";
				SKIP_INSTALL = YES;
				SWIFT_ACTIVE_COMPILATION_CONDITIONS = "DEBUG $(inherited)";
				SWIFT_EMIT_LOC_STRINGS = YES;
				SWIFT_VERSION = 6.0;
				TARGETED_DEVICE_FAMILY = "1,2";
			};
			name = Debug;
		};
		E592D5712D428DF90038B14D /* Release */ = {
			isa = XCBuildConfiguration;
			buildSettings = {
				ASSETCATALOG_COMPILER_GLOBAL_ACCENT_COLOR_NAME = AccentColor;
				ASSETCATALOG_COMPILER_WIDGET_BACKGROUND_COLOR_NAME = WidgetBackground;
				CODE_SIGN_ENTITLEMENTS = Widget/WidgetExtension.entitlements;
				CODE_SIGN_STYLE = Automatic;
				CURRENT_PROJECT_VERSION = 6865;
				GCC_C_LANGUAGE_STANDARD = gnu17;
				GENERATE_INFOPLIST_FILE = YES;
				INFOPLIST_FILE = Widget/Info.plist;
				INFOPLIST_KEY_CFBundleDisplayName = GEO;
				INFOPLIST_KEY_NSHumanReadableCopyright = "";
				IPHONEOS_DEPLOYMENT_TARGET = 26.0;
				LD_RUNPATH_SEARCH_PATHS = (
					"$(inherited)",
					"@executable_path/Frameworks",
					"@executable_path/../../Frameworks",
				);
				LOCALIZATION_PREFERS_STRING_CATALOGS = YES;
				MARKETING_VERSION = 1.1;
				PRODUCT_BUNDLE_IDENTIFIER = me.nettrash.Geo.Widget;
				PRODUCT_NAME = "$(TARGET_NAME)";
				SKIP_INSTALL = YES;
				SWIFT_EMIT_LOC_STRINGS = YES;
				SWIFT_VERSION = 6.0;
				TARGETED_DEVICE_FAMILY = "1,2";
			};
			name = Release;
		};
		E5A22D742DBFEA39008DB127 /* Debug */ = {
			isa = XCBuildConfiguration;
			buildSettings = {
				ASSETCATALOG_COMPILER_GLOBAL_ACCENT_COLOR_NAME = AccentColor;
				ASSETCATALOG_COMPILER_WIDGET_BACKGROUND_COLOR_NAME = WidgetBackground;
				CODE_SIGN_STYLE = Automatic;
				CURRENT_PROJECT_VERSION = 6865;
				GCC_C_LANGUAGE_STANDARD = gnu17;
				GENERATE_INFOPLIST_FILE = YES;
				INFOPLIST_FILE = "Geo Watch Widget/Info.plist";
				INFOPLIST_KEY_CFBundleDisplayName = "Geo Watch Widget";
				INFOPLIST_KEY_NSHumanReadableCopyright = "";
				LD_RUNPATH_SEARCH_PATHS = (
					"$(inherited)",
					"@executable_path/Frameworks",
					"@executable_path/../../Frameworks",
					"@executable_path/../../../../Frameworks",
				);
				LOCALIZATION_PREFERS_STRING_CATALOGS = YES;
				MARKETING_VERSION = 1.1;
				PRODUCT_BUNDLE_IDENTIFIER = "me.nettrash.Geo.watchkitapp.Geo-Watch-Widget";
				PRODUCT_NAME = "$(TARGET_NAME)";
				SDKROOT = watchos;
				SKIP_INSTALL = YES;
				SWIFT_ACTIVE_COMPILATION_CONDITIONS = "DEBUG $(inherited)";
				SWIFT_EMIT_LOC_STRINGS = YES;
				SWIFT_VERSION = 5.0;
				TARGETED_DEVICE_FAMILY = 4;
				WATCHOS_DEPLOYMENT_TARGET = 26.0;
			};
			name = Debug;
		};
		E5A22D752DBFEA39008DB127 /* Release */ = {
			isa = XCBuildConfiguration;
			buildSettings = {
				ASSETCATALOG_COMPILER_GLOBAL_ACCENT_COLOR_NAME = AccentColor;
				ASSETCATALOG_COMPILER_WIDGET_BACKGROUND_COLOR_NAME = WidgetBackground;
				CODE_SIGN_ENTITLEMENTS = "Geo Watch Widget/Geo Watch WidgetExtension.entitlements";
				CODE_SIGN_STYLE = Automatic;
				CURRENT_PROJECT_VERSION = 6865;
				GCC_C_LANGUAGE_STANDARD = gnu17;
				GENERATE_INFOPLIST_FILE = YES;
				INFOPLIST_FILE = "Geo Watch Widget/Info.plist";
				INFOPLIST_KEY_CFBundleDisplayName = "Geo Watch Widget";
				INFOPLIST_KEY_NSHumanReadableCopyright = "";
				LD_RUNPATH_SEARCH_PATHS = (
					"$(inherited)",
					"@executable_path/Frameworks",
					"@executable_path/../../Frameworks",
					"@executable_path/../../../../Frameworks",
				);
				LOCALIZATION_PREFERS_STRING_CATALOGS = YES;
				MARKETING_VERSION = 1.1;
				PRODUCT_BUNDLE_IDENTIFIER = "me.nettrash.Geo.watchkitapp.Geo-Watch-Widget";
				PRODUCT_NAME = "$(TARGET_NAME)";
				SDKROOT = watchos;
				SKIP_INSTALL = YES;
				SWIFT_EMIT_LOC_STRINGS = YES;
				SWIFT_VERSION = 5.0;
				TARGETED_DEVICE_FAMILY = 4;
				WATCHOS_DEPLOYMENT_TARGET = 26.0;
			};
			name = Release;
		};
		E5AAD2B12AAB5D980052522B /* Debug */ = {
			isa = XCBuildConfiguration;
			buildSettings = {
				ALWAYS_SEARCH_USER_PATHS = NO;
				ASSETCATALOG_COMPILER_GENERATE_SWIFT_ASSET_SYMBOL_EXTENSIONS = YES;
				CLANG_ANALYZER_LOCALIZABILITY_NONLOCALIZED = YES;
				CLANG_ANALYZER_NONNULL = YES;
				CLANG_ANALYZER_NUMBER_OBJECT_CONVERSION = YES_AGGRESSIVE;
				CLANG_CXX_LANGUAGE_STANDARD = "gnu++20";
				CLANG_ENABLE_MODULES = YES;
				CLANG_ENABLE_OBJC_ARC = YES;
				CLANG_ENABLE_OBJC_WEAK = YES;
				CLANG_WARN_BLOCK_CAPTURE_AUTORELEASING = YES;
				CLANG_WARN_BOOL_CONVERSION = YES;
				CLANG_WARN_COMMA = YES;
				CLANG_WARN_CONSTANT_CONVERSION = YES;
				CLANG_WARN_DEPRECATED_OBJC_IMPLEMENTATIONS = YES;
				CLANG_WARN_DIRECT_OBJC_ISA_USAGE = YES_ERROR;
				CLANG_WARN_DOCUMENTATION_COMMENTS = YES;
				CLANG_WARN_EMPTY_BODY = YES;
				CLANG_WARN_ENUM_CONVERSION = YES;
				CLANG_WARN_INFINITE_RECURSION = YES;
				CLANG_WARN_INT_CONVERSION = YES;
				CLANG_WARN_NON_LITERAL_NULL_CONVERSION = YES;
				CLANG_WARN_OBJC_IMPLICIT_RETAIN_SELF = YES;
				CLANG_WARN_OBJC_LITERAL_CONVERSION = YES;
				CLANG_WARN_OBJC_ROOT_CLASS = YES_ERROR;
				CLANG_WARN_QUOTED_INCLUDE_IN_FRAMEWORK_HEADER = YES;
				CLANG_WARN_RANGE_LOOP_ANALYSIS = YES;
				CLANG_WARN_STRICT_PROTOTYPES = YES;
				CLANG_WARN_SUSPICIOUS_MOVE = YES;
				CLANG_WARN_UNGUARDED_AVAILABILITY = YES_AGGRESSIVE;
				CLANG_WARN_UNREACHABLE_CODE = YES;
				CLANG_WARN__DUPLICATE_METHOD_MATCH = YES;
				COPY_PHASE_STRIP = NO;
				DEBUG_INFORMATION_FORMAT = dwarf;
				DEVELOPMENT_TEAM = V4WM2SJ8Q9;
				ENABLE_STRICT_OBJC_MSGSEND = YES;
				ENABLE_TESTABILITY = YES;
				ENABLE_USER_SCRIPT_SANDBOXING = YES;
				GCC_C_LANGUAGE_STANDARD = gnu11;
				GCC_DYNAMIC_NO_PIC = NO;
				GCC_NO_COMMON_BLOCKS = YES;
				GCC_OPTIMIZATION_LEVEL = 0;
				GCC_PREPROCESSOR_DEFINITIONS = (
					"DEBUG=1",
					"$(inherited)",
				);
				GCC_WARN_64_TO_32_BIT_CONVERSION = YES;
				GCC_WARN_ABOUT_RETURN_TYPE = YES_ERROR;
				GCC_WARN_UNDECLARED_SELECTOR = YES;
				GCC_WARN_UNINITIALIZED_AUTOS = YES_AGGRESSIVE;
				GCC_WARN_UNUSED_FUNCTION = YES;
				GCC_WARN_UNUSED_VARIABLE = YES;
				IPHONEOS_DEPLOYMENT_TARGET = 26.0;
				MTL_ENABLE_DEBUG_INFO = INCLUDE_SOURCE;
				MTL_FAST_MATH = YES;
				ONLY_ACTIVE_ARCH = YES;
				SDKROOT = iphoneos;
				STRING_CATALOG_GENERATE_SYMBOLS = YES;
				SWIFT_ACTIVE_COMPILATION_CONDITIONS = DEBUG;
				SWIFT_OPTIMIZATION_LEVEL = "-Onone";
				SWIFT_VERSION = 6.0;
			};
			name = Debug;
		};
		E5AAD2B22AAB5D980052522B /* Release */ = {
			isa = XCBuildConfiguration;
			buildSettings = {
				ALWAYS_SEARCH_USER_PATHS = NO;
				ASSETCATALOG_COMPILER_GENERATE_SWIFT_ASSET_SYMBOL_EXTENSIONS = YES;
				CLANG_ANALYZER_LOCALIZABILITY_NONLOCALIZED = YES;
				CLANG_ANALYZER_NONNULL = YES;
				CLANG_ANALYZER_NUMBER_OBJECT_CONVERSION = YES_AGGRESSIVE;
				CLANG_CXX_LANGUAGE_STANDARD = "gnu++20";
				CLANG_ENABLE_MODULES = YES;
				CLANG_ENABLE_OBJC_ARC = YES;
				CLANG_ENABLE_OBJC_WEAK = YES;
				CLANG_WARN_BLOCK_CAPTURE_AUTORELEASING = YES;
				CLANG_WARN_BOOL_CONVERSION = YES;
				CLANG_WARN_COMMA = YES;
				CLANG_WARN_CONSTANT_CONVERSION = YES;
				CLANG_WARN_DEPRECATED_OBJC_IMPLEMENTATIONS = YES;
				CLANG_WARN_DIRECT_OBJC_ISA_USAGE = YES_ERROR;
				CLANG_WARN_DOCUMENTATION_COMMENTS = YES;
				CLANG_WARN_EMPTY_BODY = YES;
				CLANG_WARN_ENUM_CONVERSION = YES;
				CLANG_WARN_INFINITE_RECURSION = YES;
				CLANG_WARN_INT_CONVERSION = YES;
				CLANG_WARN_NON_LITERAL_NULL_CONVERSION = YES;
				CLANG_WARN_OBJC_IMPLICIT_RETAIN_SELF = YES;
				CLANG_WARN_OBJC_LITERAL_CONVERSION = YES;
				CLANG_WARN_OBJC_ROOT_CLASS = YES_ERROR;
				CLANG_WARN_QUOTED_INCLUDE_IN_FRAMEWORK_HEADER = YES;
				CLANG_WARN_RANGE_LOOP_ANALYSIS = YES;
				CLANG_WARN_STRICT_PROTOTYPES = YES;
				CLANG_WARN_SUSPICIOUS_MOVE = YES;
				CLANG_WARN_UNGUARDED_AVAILABILITY = YES_AGGRESSIVE;
				CLANG_WARN_UNREACHABLE_CODE = YES;
				CLANG_WARN__DUPLICATE_METHOD_MATCH = YES;
				COPY_PHASE_STRIP = NO;
				DEBUG_INFORMATION_FORMAT = "dwarf-with-dsym";
				DEVELOPMENT_TEAM = V4WM2SJ8Q9;
				ENABLE_NS_ASSERTIONS = NO;
				ENABLE_STRICT_OBJC_MSGSEND = YES;
				ENABLE_USER_SCRIPT_SANDBOXING = YES;
				GCC_C_LANGUAGE_STANDARD = gnu11;
				GCC_NO_COMMON_BLOCKS = YES;
				GCC_WARN_64_TO_32_BIT_CONVERSION = YES;
				GCC_WARN_ABOUT_RETURN_TYPE = YES_ERROR;
				GCC_WARN_UNDECLARED_SELECTOR = YES;
				GCC_WARN_UNINITIALIZED_AUTOS = YES_AGGRESSIVE;
				GCC_WARN_UNUSED_FUNCTION = YES;
				GCC_WARN_UNUSED_VARIABLE = YES;
				IPHONEOS_DEPLOYMENT_TARGET = 26.0;
				MTL_ENABLE_DEBUG_INFO = NO;
				MTL_FAST_MATH = YES;
				SDKROOT = iphoneos;
				STRING_CATALOG_GENERATE_SYMBOLS = YES;
				SWIFT_COMPILATION_MODE = wholemodule;
				SWIFT_OPTIMIZATION_LEVEL = "-O";
				SWIFT_VERSION = 6.0;
				VALIDATE_PRODUCT = YES;
			};
			name = Release;
		};
		E5AAD2B42AAB5D980052522B /* Debug */ = {
			isa = XCBuildConfiguration;
			buildSettings = {
				ASSETCATALOG_COMPILER_APPICON_NAME = AppIcon;
				ASSETCATALOG_COMPILER_GLOBAL_ACCENT_COLOR_NAME = AccentColor;
				ASSETCATALOG_COMPILER_INCLUDE_ALL_APPICON_ASSETS = YES;
				CODE_SIGN_ENTITLEMENTS = Geo/Geo.entitlements;
				CODE_SIGN_STYLE = Automatic;
				CURRENT_PROJECT_VERSION = 6865;
				DEVELOPMENT_ASSET_PATHS = "\"Geo/Preview Content\"";
				DEVELOPMENT_TEAM = V4WM2SJ8Q9;
				ENABLE_PREVIEWS = YES;
				GENERATE_INFOPLIST_FILE = YES;
				INFOPLIST_FILE = Geo/Info.plist;
				INFOPLIST_KEY_CFBundleDisplayName = Geo;
				INFOPLIST_KEY_LSApplicationCategoryType = "public.app-category.utilities";
				INFOPLIST_KEY_NSLocationAlwaysAndWhenInUseUsageDescription = "To receive your altitude by satellite we need an access to information about location.";
				INFOPLIST_KEY_NSLocationAlwaysUsageDescription = "To receive your altitude by satellite we need an access to information about location.";
				INFOPLIST_KEY_NSLocationUsageDescription = "To receive your altitude by satellite we need an access to information about location.";
				INFOPLIST_KEY_NSLocationWhenInUseUsageDescription = "To receive your altitude by satellite we need an access to information about location.";
				INFOPLIST_KEY_NSMotionUsageDescription = "To calculate altitude and show information about atmospheric pressure we should have an access to the barometer sensor.";
				INFOPLIST_KEY_UIApplicationSceneManifest_Generation = YES;
				INFOPLIST_KEY_UIApplicationSupportsIndirectInputEvents = YES;
				INFOPLIST_KEY_UILaunchScreen_Generation = YES;
				INFOPLIST_KEY_UILaunchStoryboardName = "Launch Screen.storyboard";
				INFOPLIST_KEY_UIStatusBarHidden = YES;
				INFOPLIST_KEY_UIStatusBarStyle = UIStatusBarStyleDarkContent;
				INFOPLIST_KEY_UISupportedInterfaceOrientations = "UIInterfaceOrientationLandscapeLeft UIInterfaceOrientationLandscapeRight UIInterfaceOrientationPortrait UIInterfaceOrientationPortraitUpsideDown";
				IPHONEOS_DEPLOYMENT_TARGET = 26.0;
				LD_RUNPATH_SEARCH_PATHS = (
					"$(inherited)",
					"@executable_path/Frameworks",
				);
				MARKETING_VERSION = 1.1;
				PRODUCT_BUNDLE_IDENTIFIER = me.nettrash.Geo;
				PRODUCT_NAME = "$(TARGET_NAME)";
				SUPPORTED_PLATFORMS = "iphoneos iphonesimulator";
				SUPPORTS_MACCATALYST = NO;
				SUPPORTS_MAC_DESIGNED_FOR_IPHONE_IPAD = NO;
				SUPPORTS_XR_DESIGNED_FOR_IPHONE_IPAD = YES;
				SWIFT_EMIT_LOC_STRINGS = YES;
				SWIFT_VERSION = 6.0;
				TARGETED_DEVICE_FAMILY = "1,2";
			};
			name = Debug;
		};
		E5AAD2B52AAB5D980052522B /* Release */ = {
			isa = XCBuildConfiguration;
			buildSettings = {
				ASSETCATALOG_COMPILER_APPICON_NAME = AppIcon;
				ASSETCATALOG_COMPILER_GLOBAL_ACCENT_COLOR_NAME = AccentColor;
				ASSETCATALOG_COMPILER_INCLUDE_ALL_APPICON_ASSETS = YES;
				CODE_SIGN_ENTITLEMENTS = Geo/Geo.entitlements;
				CODE_SIGN_STYLE = Automatic;
				CURRENT_PROJECT_VERSION = 6865;
				DEVELOPMENT_ASSET_PATHS = "\"Geo/Preview Content\"";
				DEVELOPMENT_TEAM = V4WM2SJ8Q9;
				ENABLE_PREVIEWS = YES;
				GENERATE_INFOPLIST_FILE = YES;
				INFOPLIST_FILE = Geo/Info.plist;
				INFOPLIST_KEY_CFBundleDisplayName = Geo;
				INFOPLIST_KEY_LSApplicationCategoryType = "public.app-category.utilities";
				INFOPLIST_KEY_NSLocationAlwaysAndWhenInUseUsageDescription = "To receive your altitude by satellite we need an access to information about location.";
				INFOPLIST_KEY_NSLocationAlwaysUsageDescription = "To receive your altitude by satellite we need an access to information about location.";
				INFOPLIST_KEY_NSLocationUsageDescription = "To receive your altitude by satellite we need an access to information about location.";
				INFOPLIST_KEY_NSLocationWhenInUseUsageDescription = "To receive your altitude by satellite we need an access to information about location.";
				INFOPLIST_KEY_NSMotionUsageDescription = "To calculate altitude and show information about atmospheric pressure we should have an access to the barometer sensor.";
				INFOPLIST_KEY_UIApplicationSceneManifest_Generation = YES;
				INFOPLIST_KEY_UIApplicationSupportsIndirectInputEvents = YES;
				INFOPLIST_KEY_UILaunchScreen_Generation = YES;
				INFOPLIST_KEY_UILaunchStoryboardName = "Launch Screen.storyboard";
				INFOPLIST_KEY_UIStatusBarHidden = YES;
				INFOPLIST_KEY_UIStatusBarStyle = UIStatusBarStyleDarkContent;
				INFOPLIST_KEY_UISupportedInterfaceOrientations = "UIInterfaceOrientationLandscapeLeft UIInterfaceOrientationLandscapeRight UIInterfaceOrientationPortrait UIInterfaceOrientationPortraitUpsideDown";
				IPHONEOS_DEPLOYMENT_TARGET = 26.0;
				LD_RUNPATH_SEARCH_PATHS = (
					"$(inherited)",
					"@executable_path/Frameworks",
				);
				MARKETING_VERSION = 1.1;
				PRODUCT_BUNDLE_IDENTIFIER = me.nettrash.Geo;
				PRODUCT_NAME = "$(TARGET_NAME)";
				SUPPORTED_PLATFORMS = "iphoneos iphonesimulator";
				SUPPORTS_MACCATALYST = NO;
				SUPPORTS_MAC_DESIGNED_FOR_IPHONE_IPAD = NO;
				SUPPORTS_XR_DESIGNED_FOR_IPHONE_IPAD = YES;
				SWIFT_EMIT_LOC_STRINGS = YES;
				SWIFT_VERSION = 6.0;
				TARGETED_DEVICE_FAMILY = "1,2";
			};
			name = Release;
		};
		E5AAD2B72AAB5D980052522B /* Debug */ = {
			isa = XCBuildConfiguration;
			buildSettings = {
				BUNDLE_LOADER = "$(TEST_HOST)";
				CODE_SIGN_STYLE = Automatic;
				CURRENT_PROJECT_VERSION = 6865;
				GENERATE_INFOPLIST_FILE = YES;
				IPHONEOS_DEPLOYMENT_TARGET = 26.0;
				MARKETING_VERSION = 1.1;
				PRODUCT_BUNDLE_IDENTIFIER = nettrash.GeoTests;
				PRODUCT_NAME = "$(TARGET_NAME)";
				SWIFT_EMIT_LOC_STRINGS = NO;
				SWIFT_VERSION = 6.0;
				TARGETED_DEVICE_FAMILY = "1,2";
				TEST_HOST = "$(BUILT_PRODUCTS_DIR)/Geo.app/$(BUNDLE_EXECUTABLE_FOLDER_PATH)/Geo";
			};
			name = Debug;
		};
		E5AAD2B82AAB5D980052522B /* Release */ = {
			isa = XCBuildConfiguration;
			buildSettings = {
				BUNDLE_LOADER = "$(TEST_HOST)";
				CODE_SIGN_STYLE = Automatic;
				CURRENT_PROJECT_VERSION = 6865;
				GENERATE_INFOPLIST_FILE = YES;
				IPHONEOS_DEPLOYMENT_TARGET = 26.0;
				MARKETING_VERSION = 1.1;
				PRODUCT_BUNDLE_IDENTIFIER = nettrash.GeoTests;
				PRODUCT_NAME = "$(TARGET_NAME)";
				SWIFT_EMIT_LOC_STRINGS = NO;
				SWIFT_VERSION = 6.0;
				TARGETED_DEVICE_FAMILY = "1,2";
				TEST_HOST = "$(BUILT_PRODUCTS_DIR)/Geo.app/$(BUNDLE_EXECUTABLE_FOLDER_PATH)/Geo";
			};
			name = Release;
		};
		E5AAD2BA2AAB5D980052522B /* Debug */ = {
			isa = XCBuildConfiguration;
			buildSettings = {
				CODE_SIGN_STYLE = Automatic;
				CURRENT_PROJECT_VERSION = 6865;
				GENERATE_INFOPLIST_FILE = YES;
				IPHONEOS_DEPLOYMENT_TARGET = 26.0;
				MARKETING_VERSION = 1.1;
				PRODUCT_BUNDLE_IDENTIFIER = nettrash.GeoUITests;
				PRODUCT_NAME = "$(TARGET_NAME)";
				SWIFT_EMIT_LOC_STRINGS = NO;
				SWIFT_VERSION = 6.0;
				TARGETED_DEVICE_FAMILY = "1,2";
				TEST_TARGET_NAME = Geo;
			};
			name = Debug;
		};
		E5AAD2BB2AAB5D980052522B /* Release */ = {
			isa = XCBuildConfiguration;
			buildSettings = {
				CODE_SIGN_STYLE = Automatic;
				CURRENT_PROJECT_VERSION = 6865;
				GENERATE_INFOPLIST_FILE = YES;
				IPHONEOS_DEPLOYMENT_TARGET = 26.0;
				MARKETING_VERSION = 1.1;
				PRODUCT_BUNDLE_IDENTIFIER = nettrash.GeoUITests;
				PRODUCT_NAME = "$(TARGET_NAME)";
				SWIFT_EMIT_LOC_STRINGS = NO;
				SWIFT_VERSION = 6.0;
				TARGETED_DEVICE_FAMILY = "1,2";
				TEST_TARGET_NAME = Geo;
			};
			name = Release;
		};
/* End XCBuildConfiguration section */

/* Begin XCConfigurationList section */
		E56AC7B02D43E0BF00300854 /* Build configuration list for PBXNativeTarget "Geo Watch App" */ = {
			isa = XCConfigurationList;
			buildConfigurations = (
				E56AC7B12D43E0BF00300854 /* Debug */,
				E56AC7B22D43E0BF00300854 /* Release */,
			);
			defaultConfigurationIsVisible = 0;
			defaultConfigurationName = Release;
		};
		E56AC7B42D43E0BF00300854 /* Build configuration list for PBXNativeTarget "Geo Watch AppTests" */ = {
			isa = XCConfigurationList;
			buildConfigurations = (
				E56AC7B52D43E0BF00300854 /* Debug */,
				E56AC7B62D43E0BF00300854 /* Release */,
			);
			defaultConfigurationIsVisible = 0;
			defaultConfigurationName = Release;
		};
		E56AC7B72D43E0BF00300854 /* Build configuration list for PBXNativeTarget "Geo Watch AppUITests" */ = {
			isa = XCConfigurationList;
			buildConfigurations = (
				E56AC7B82D43E0BF00300854 /* Debug */,
				E56AC7B92D43E0BF00300854 /* Release */,
			);
			defaultConfigurationIsVisible = 0;
			defaultConfigurationName = Release;
		};
		E592D56F2D428DF90038B14D /* Build configuration list for PBXNativeTarget "WidgetExtension" */ = {
			isa = XCConfigurationList;
			buildConfigurations = (
				E592D5702D428DF90038B14D /* Debug */,
				E592D5712D428DF90038B14D /* Release */,
			);
			defaultConfigurationIsVisible = 0;
			defaultConfigurationName = Release;
		};
		E5A22D772DBFEA39008DB127 /* Build configuration list for PBXNativeTarget "Geo Watch WidgetExtension" */ = {
			isa = XCConfigurationList;
			buildConfigurations = (
				E5A22D742DBFEA39008DB127 /* Debug */,
				E5A22D752DBFEA39008DB127 /* Release */,
			);
			defaultConfigurationIsVisible = 0;
			defaultConfigurationName = Release;
		};
		E5AAD2842AAB5D950052522B /* Build configuration list for PBXProject "Geo" */ = {
			isa = XCConfigurationList;
			buildConfigurations = (
				E5AAD2B12AAB5D980052522B /* Debug */,
				E5AAD2B22AAB5D980052522B /* Release */,
			);
			defaultConfigurationIsVisible = 0;
			defaultConfigurationName = Release;
		};
		E5AAD2B32AAB5D980052522B /* Build configuration list for PBXNativeTarget "Geo" */ = {
			isa = XCConfigurationList;
			buildConfigurations = (
				E5AAD2B42AAB5D980052522B /* Debug */,
				E5AAD2B52AAB5D980052522B /* Release */,
			);
			defaultConfigurationIsVisible = 0;
			defaultConfigurationName = Release;
		};
		E5AAD2B62AAB5D980052522B /* Build configuration list for PBXNativeTarget "GeoTests" */ = {
			isa = XCConfigurationList;
			buildConfigurations = (
				E5AAD2B72AAB5D980052522B /* Debug */,
				E5AAD2B82AAB5D980052522B /* Release */,
			);
			defaultConfigurationIsVisible = 0;
			defaultConfigurationName = Release;
		};
		E5AAD2B92AAB5D980052522B /* Build configuration list for PBXNativeTarget "GeoUITests" */ = {
			isa = XCConfigurationList;
			buildConfigurations = (
				E5AAD2BA2AAB5D980052522B /* Debug */,
				E5AAD2BB2AAB5D980052522B /* Release */,
			);
			defaultConfigurationIsVisible = 0;
			defaultConfigurationName = Release;
		};
/* End XCConfigurationList section */

/* Begin XCVersionGroup section */
		E5AAD2972AAB5D980052522B /* Geo.xcdatamodeld */ = {
			isa = XCVersionGroup;
			children = (
				E5AAD2982AAB5D980052522B /* Geo.xcdatamodel */,
			);
			currentVersion = E5AAD2982AAB5D980052522B /* Geo.xcdatamodel */;
			path = Geo.xcdatamodeld;
			sourceTree = "<group>";
			versionGroupType = wrapper.xcdatamodel;
		};
/* End XCVersionGroup section */
	};
	rootObject = E5AAD2812AAB5D950052522B /* Project object */;
}
